<?xml version="1.0" encoding="utf-8"?>
<Project ToolsVersion="4.0" xmlns="http://schemas.microsoft.com/developer/msbuild/2003">
  <ItemGroup>
    <ClCompile Include="main.cpp" />
    <ClCompile Include="Source\Manager\AnimationManager.cpp">
      <Filter>Game\Object\Animation</Filter>
    </ClCompile>
    <ClCompile Include="Source\D2D\Brush\BitmapBrush.cpp">
      <Filter>Library\Graphics\D2D\Brush</Filter>
    </ClCompile>
    <ClCompile Include="Source\Graphic\BlendState\BlendState.cpp">
      <Filter>Library\Graphics\D3D\BlendState</Filter>
    </ClCompile>
    <ClCompile Include="Source\Model\BoneAnimeData.cpp">
      <Filter>Library\Graphics\D3D\Model</Filter>
    </ClCompile>
    <ClCompile Include="Source\D2D\Brush\Brush.cpp">
      <Filter>Library\Graphics\D2D\Brush</Filter>
    </ClCompile>
    <ClCompile Include="Source\Graphic\Buffer\Buffer.cpp">
      <Filter>Library\Graphics\D3D\Buffer</Filter>
    </ClCompile>
    <ClCompile Include="Source\Graphic\Camera\Camera.cpp">
      <Filter>Library\Graphics\D3D\Camera</Filter>
    </ClCompile>
    <ClCompile Include="Source\CharacterController\CharacterController.cpp">
      <Filter>Game\Object\Character</Filter>
    </ClCompile>
    <ClCompile Include="Source\CharacterController\CharacterInfo.cpp">
      <Filter>Game\Object\Character</Filter>
    </ClCompile>
    <ClCompile Include="Source\Scene\Factory\CharacterSelectFactory.cpp">
      <Filter>Game\Scene\CharacterSelect</Filter>
    </ClCompile>
    <ClCompile Include="Source\Scene\CharacterSelectScene.cpp">
      <Filter>Game\Scene\CharacterSelect</Filter>
    </ClCompile>
    <ClCompile Include="Source\Collision\Collision.cpp">
      <Filter>Game\Collision</Filter>
    </ClCompile>
    <ClCompile Include="Source\Graphic\Buffer\ConstantBuffer.cpp">
      <Filter>Library\Graphics\D3D\Buffer</Filter>
    </ClCompile>
    <ClCompile Include="Source\Graphic\Buffer\VertexBuffer.cpp">
      <Filter>Library\Graphics\D3D\Buffer</Filter>
    </ClCompile>
    <ClCompile Include="Source\Graphic\Buffer\IndexBuffer.cpp">
      <Filter>Library\Graphics\D3D\Buffer</Filter>
    </ClCompile>
    <ClCompile Include="Source\Utility\Converter.cpp">
      <Filter>Library\Utility\Converter</Filter>
    </ClCompile>
    <ClCompile Include="Source\Utility\Delegate.cpp">
      <Filter>Library\Utility\Delegate</Filter>
    </ClCompile>
    <ClCompile Include="Source\Utility\FPS.cpp">
      <Filter>Library\Utility\FPS</Filter>
    </ClCompile>
    <ClCompile Include="Source\Utility\FrameTimer.cpp">
      <Filter>Library\Utility\FrameTimer</Filter>
    </ClCompile>
    <ClCompile Include="Source\Model\CwnBaseMesh.cpp">
      <Filter>Library\Graphics\D3D\Model\CWN</Filter>
    </ClCompile>
    <ClCompile Include="Source\Model\CwnDecoder.cpp">
      <Filter>Library\Graphics\D3D\Model\CWN</Filter>
    </ClCompile>
    <ClCompile Include="Source\Model\CwnSkinMesh.cpp">
      <Filter>Library\Graphics\D3D\Model\CWN</Filter>
    </ClCompile>
    <ClCompile Include="Source\Model\CwnStaticMesh.cpp">
      <Filter>Library\Graphics\D3D\Model\CWN</Filter>
    </ClCompile>
    <ClCompile Include="Source\Object\HitPoint.cpp">
      <Filter>Game\Object\HitPoint</Filter>
    </ClCompile>
    <ClCompile Include="Source\Manager\HitPointManager.cpp">
      <Filter>Game\Object\HitPoint</Filter>
    </ClCompile>
    <ClCompile Include="Source\Scene\Scene.cpp">
      <Filter>Game\Scene</Filter>
    </ClCompile>
    <ClCompile Include="Source\Scene\SceneFactory.cpp">
      <Filter>Game\Scene</Filter>
    </ClCompile>
    <ClCompile Include="Source\Scene\SceneManager.cpp">
      <Filter>Game\Scene\Manager</Filter>
    </ClCompile>
    <ClCompile Include="Source\Object\Skill\Skill.cpp">
      <Filter>Game\Object\Skill</Filter>
    </ClCompile>
    <ClCompile Include="Source\Manager\SkillManager.cpp">
      <Filter>Game\Object\Skill</Filter>
    </ClCompile>
    <ClCompile Include="Source\Object\Skill\SkillState.cpp">
      <Filter>Game\Object\Skill</Filter>
    </ClCompile>
    <ClCompile Include="Source\Scene\TitleScene.cpp">
      <Filter>Game\Scene\Title</Filter>
    </ClCompile>
    <ClCompile Include="Source\Scene\Factory\TitleFactory.cpp">
      <Filter>Game\Scene\Title</Filter>
    </ClCompile>
    <ClCompile Include="Source\Input\InputManager.cpp">
      <Filter>Library\Input</Filter>
    </ClCompile>
    <ClCompile Include="Source\Input\Keyboard.cpp">
      <Filter>Library\Input\Keyboard</Filter>
    </ClCompile>
    <ClCompile Include="Source\Input\GamePad.cpp">
      <Filter>Library\Input\Gamepad</Filter>
    </ClCompile>
    <ClCompile Include="Source\D3D\Device\Device.cpp">
      <Filter>Library\System\Device</Filter>
    </ClCompile>
    <ClCompile Include="Source\Utility\ScreenShot.cpp">
      <Filter>Library\Utility\ScreenShot</Filter>
    </ClCompile>
    <ClCompile Include="Source\Object\Player.cpp">
      <Filter>Game\Object\Player</Filter>
    </ClCompile>
    <ClCompile Include="Source\CharacterController\PlayerController\PlayerController.cpp">
      <Filter>Game\Object\Player</Filter>
    </ClCompile>
    <ClCompile Include="Source\Loader\PlayerLoader.cpp">
      <Filter>Game\Object\Player</Filter>
    </ClCompile>
    <ClCompile Include="Source\Object\Manager\PlayerManager.cpp">
      <Filter>Game\Object\Player</Filter>
    </ClCompile>
    <ClCompile Include="Source\Sound\Sound.cpp">
      <Filter>Library\Sound</Filter>
    </ClCompile>
    <ClCompile Include="Source\Sound\SoundCore.cpp">
      <Filter>Library\Sound</Filter>
    </ClCompile>
    <ClCompile Include="Source\Sound\SE\SE.cpp">
      <Filter>Library\Sound\SE</Filter>
    </ClCompile>
    <ClCompile Include="Source\Sound\BGM\BGMPimpl.cpp">
      <Filter>Library\Sound\BGM</Filter>
    </ClCompile>
    <ClCompile Include="Source\Sound\BGM\BGM.cpp">
      <Filter>Library\Sound\BGM</Filter>
    </ClCompile>
    <ClCompile Include="Source\Scene\GameScene.cpp">
      <Filter>Game\Scene\Game</Filter>
    </ClCompile>
    <ClCompile Include="Source\Scene\GameScene\GameSceneUI.cpp">
      <Filter>Game\Scene\Game</Filter>
    </ClCompile>
    <ClCompile Include="Source\Scene\Factory\GameFactory.cpp">
      <Filter>Game\Scene\Game</Filter>
    </ClCompile>
    <ClCompile Include="Source\Scene\Factory\ResultFactory.cpp">
      <Filter>Game\Scene\Result</Filter>
    </ClCompile>
    <ClCompile Include="Source\Scene\ResultScene.cpp">
      <Filter>Game\Scene\Result</Filter>
    </ClCompile>
    <ClCompile Include="Source\Scene\Factory\StageSelectFactory.cpp">
      <Filter>Game\Scene\StageSelect</Filter>
    </ClCompile>
    <ClCompile Include="Source\Scene\StageSelectScene.cpp">
      <Filter>Game\Scene\StageSelect</Filter>
    </ClCompile>
    <ClCompile Include="Source\Object\Skill\WhiteBlackSkill.cpp">
      <Filter>Game\Object\Skill\WhiteBlack</Filter>
    </ClCompile>
    <ClCompile Include="Source\UI\UI.cpp">
      <Filter>Game\Object\Voice\UI</Filter>
    </ClCompile>
    <ClCompile Include="Source\UI\UIManager.cpp">
      <Filter>Game\Object\Voice\UI</Filter>
    </ClCompile>
    <ClCompile Include="Source\System\System.cpp">
      <Filter>Library\System</Filter>
    </ClCompile>
    <ClCompile Include="Source\System\Window.cpp">
      <Filter>Library\System\Window</Filter>
    </ClCompile>
    <ClCompile Include="Source\D3D\SwapChain\SwapChain.cpp">
      <Filter>Library\System\SwapChain</Filter>
    </ClCompile>
    <ClCompile Include="Source\System\D2DCore.cpp">
      <Filter>Library\Graphics\D2D</Filter>
    </ClCompile>
    <ClCompile Include="Source\Graphic\D2DGraphic.cpp">
      <Filter>Library\Graphics\D2D</Filter>
    </ClCompile>
    <ClCompile Include="Source\D2D\Interface\D2DRenderTarget.cpp">
      <Filter>Library\Graphics\D2D\RenderTarget</Filter>
    </ClCompile>
    <ClCompile Include="Source\Graphic\Rasterizer\Rasterizer.cpp">
      <Filter>Library\Graphics\D3D\Rasterizer</Filter>
    </ClCompile>
    <ClCompile Include="Source\D2D\Text\TextObject.cpp">
      <Filter>Library\Graphics\D2D\Text</Filter>
    </ClCompile>
    <ClCompile Include="Source\Sound\Voice\SubmixVoice.cpp">
      <Filter>Library\Sound\Voice</Filter>
    </ClCompile>
    <ClCompile Include="Source\Sound\Voice\MasterVoice.cpp">
      <Filter>Library\Sound\Voice</Filter>
    </ClCompile>
    <ClCompile Include="Source\Sound\Voice\SourceVoice.cpp">
      <Filter>Library\Sound\Voice</Filter>
    </ClCompile>
    <ClCompile Include="Source\Utility\Debug.cpp">
      <Filter>Library\Utility\Debug</Filter>
    </ClCompile>
    <ClCompile Include="Source\World\DebugDrawer.cpp">
      <Filter>Library\Utility\Debug</Filter>
    </ClCompile>
    <ClCompile Include="Source\Graphic\DepthStencil\DepthStencil.cpp">
      <Filter>Library\Graphics\D3D\DepthStencil</Filter>
    </ClCompile>
    <ClCompile Include="Source\Graphic\Sampler\Sampler.cpp">
      <Filter>Library\Graphics\D3D\Sampler</Filter>
    </ClCompile>
    <ClCompile Include="Source\Object\Object.cpp">
      <Filter>Game\Object\Object</Filter>
    </ClCompile>
    <ClCompile Include="Source\Pool\ObjectPool.cpp">
      <Filter>Game\Object\Object</Filter>
    </ClCompile>
    <ClCompile Include="Source\Shader\Shader.cpp">
      <Filter>Library\Graphics\Shader</Filter>
    </ClCompile>
    <ClCompile Include="Source\Model\ModelSkinShader.cpp">
      <Filter>Library\Graphics\Shader</Filter>
    </ClCompile>
    <ClCompile Include="Source\Model\ModelStaticShader.cpp">
      <Filter>Library\Graphics\Shader</Filter>
    </ClCompile>
    <ClCompile Include="Source\D2D\Brush\SolidBrush.cpp">
      <Filter>Library\Graphics\D2D\Brush</Filter>
    </ClCompile>
    <ClCompile Include="Source\Stage\Stage.cpp">
      <Filter>Game\Object\Stage</Filter>
    </ClCompile>
    <ClCompile Include="Source\Scene\GameScene\StageCall.cpp">
      <Filter>Game\Object\Stage</Filter>
    </ClCompile>
    <ClCompile Include="Source\Scene\StageSelectScene\StageIcon.cpp">
      <Filter>Game\Object\Stage</Filter>
    </ClCompile>
    <ClCompile Include="Source\Utility\SizeGetter.cpp">
      <Filter>Library\Utility\SizeGetter</Filter>
    </ClCompile>
    <ClCompile Include="Source\D2D\Interface\ImagingFactory.cpp">
      <Filter>Library\Graphics\D2D\ImagingFactory</Filter>
    </ClCompile>
    <ClCompile Include="Source\Effect\Effect.cpp">
      <Filter>Game\Object\Effect</Filter>
    </ClCompile>
    <ClCompile Include="Source\D2D\Sprite\Sprite.cpp">
      <Filter>Library\Graphics\D2D\Sprite</Filter>
    </ClCompile>
    <ClCompile Include="Source\D2D\Sprite\SpriteDecoder.cpp">
      <Filter>Library\Graphics\D2D\Sprite</Filter>
    </ClCompile>
    <ClCompile Include="Source\Sound\WaveDecoder.cpp">
      <Filter>Library\Sound\Wave</Filter>
    </ClCompile>
    <ClCompile Include="Source\World\World.cpp">
      <Filter>Game\Object\World</Filter>
    </ClCompile>
    <ClCompile Include="Source\D2D\Interface\WriteFactory.cpp">
      <Filter>Library\Graphics\D2D\WriteFactory</Filter>
    </ClCompile>
    <ClCompile Include="Source\Pool\Ref.cpp">
      <Filter>Game\Object\Ref</Filter>
    </ClCompile>
    <ClCompile Include="Source\Graphic\RenderTarget\RenderTarget.cpp">
      <Filter>Library\Graphics\D3D\RenderTarget</Filter>
    </ClCompile>
    <ClCompile Include="Source\Scene\CharacterSelectScene\Cursor\SelectCursor.cpp">
      <Filter>Game\Scene\StageSelect\Cursor</Filter>
    </ClCompile>
    <ClCompile Include="Source\System\D3DCore.cpp">
      <Filter>Library\Graphics\D3D</Filter>
    </ClCompile>
    <ClCompile Include="Source\Graphic\D3DGraphic.cpp">
      <Filter>Library\Graphics\D3D</Filter>
    </ClCompile>
    <ClCompile Include="Source\Graphic\Graphic.cpp">
      <Filter>Library\Graphics</Filter>
    </ClCompile>
    <ClCompile Include="Source\Direction\Fade.cpp">
      <Filter>Game\Object\Direction</Filter>
    </ClCompile>
    <ClCompile Include="Source\Shader\TestShader.cpp">
      <Filter>Game\Shader</Filter>
    </ClCompile>
    <ClCompile Include="Source\Graphic\ShaderResource\ShaderResource.cpp">
      <Filter>Library\Graphics\D3D\ShaderResource</Filter>
    </ClCompile>
    <ClCompile Include="Source\Scene\CaptureScene\CaptureCamera.cpp">
      <Filter>Game\Scene\Capture</Filter>
    </ClCompile>
    <ClCompile Include="Source\Scene\CaptureScene\CaptureScene.cpp">
      <Filter>Game\Scene\Capture</Filter>
    </ClCompile>
    <ClCompile Include="Source\Scene\CaptureScene\ConvertChar.cpp">
      <Filter>Game\Scene\Capture</Filter>
    </ClCompile>
    <ClCompile Include="Source\Scene\CaptureScene\FileLoader.cpp">
      <Filter>Game\Scene\Capture</Filter>
    </ClCompile>
    <ClCompile Include="Source\Scene\CaptureScene\FileUtility.cpp">
      <Filter>Game\Scene\Capture</Filter>
    </ClCompile>
    <ClCompile Include="Source\Scene\CaptureScene\KeyboardOperation.cpp">
      <Filter>Game\Scene\Capture</Filter>
    </ClCompile>
    <ClCompile Include="Source\Scene\CaptureScene\MathDef.cpp">
      <Filter>Game\Scene\Capture</Filter>
    </ClCompile>
    <ClCompile Include="Source\Scene\CaptureScene\Menu.cpp">
      <Filter>Game\Scene\Capture</Filter>
    </ClCompile>
    <ClCompile Include="Source\Scene\CaptureScene\ModelAnimeLoader.cpp">
      <Filter>Game\Scene\Capture</Filter>
    </ClCompile>
    <ClCompile Include="Source\Scene\CreditScene.cpp">
      <Filter>Game\Scene\Credit</Filter>
    </ClCompile>
    <ClCompile Include="Source\Scene\Factory\CaptureFactory.cpp">
      <Filter>Game\Scene\Capture</Filter>
    </ClCompile>
    <ClCompile Include="Source\Scene\CharacterSelectScene\Icon\SelectIcon.cpp">
      <Filter>Game\Scene\StageSelect\Icon</Filter>
    </ClCompile>
    <ClCompile Include="Source\Object\Skill\BlueSkill.cpp">
      <Filter>Game\Object\Skill\Blue</Filter>
    </ClCompile>
    <ClCompile Include="Source\Object\Skill\RedSkill.cpp">
      <Filter>Game\Object\Skill\Red</Filter>
    </ClCompile>
    <ClCompile Include="Source\Object\Skill\YellowSkill.cpp">
      <Filter>Game\Object\Skill\Yellow</Filter>
    </ClCompile>
    <ClCompile Include="Source\Manager\VoiceManager.cpp">
      <Filter>Game\Object\Voice</Filter>
    </ClCompile>
    <ClCompile Include="Source\Scene\Factory\CreditFactroy.cpp">
      <Filter>Game\Scene\Credit</Filter>
    </ClCompile>
  </ItemGroup>
  <ItemGroup>
    <ClInclude Include="Include\Manager\AnimationManager.h">
      <Filter>Game\Object\Animation</Filter>
    </ClInclude>
    <ClInclude Include="Include\D2D\Brush\BitmapBrush.h">
      <Filter>Library\Graphics\D2D\Brush</Filter>
    </ClInclude>
    <ClInclude Include="Include\Graphic\BlendState\BlendState.h">
      <Filter>Library\Graphics\D3D\BlendState</Filter>
    </ClInclude>
    <ClInclude Include="Include\Model\BoneAnimeData.h">
      <Filter>Library\Graphics\D3D\Model</Filter>
    </ClInclude>
    <ClInclude Include="Include\D2D\Brush\Brush.h">
      <Filter>Library\Graphics\D2D\Brush</Filter>
    </ClInclude>
    <ClInclude Include="Include\Graphic\Buffer\Buffer.h">
      <Filter>Library\Graphics\D3D\Buffer</Filter>
    </ClInclude>
    <ClInclude Include="Include\Graphic\Camera\Camera.h">
      <Filter>Library\Graphics\D3D\Camera</Filter>
    </ClInclude>
    <ClInclude Include="Include\CharacterController\CharacterController.h">
      <Filter>Game\Object\Character</Filter>
    </ClInclude>
    <ClInclude Include="Include\CharacterController\CharacterInfo.h">
      <Filter>Game\Object\Character</Filter>
    </ClInclude>
    <ClInclude Include="Include\Loader\CharacterLoader.h">
      <Filter>Game\Object\Character</Filter>
    </ClInclude>
    <ClInclude Include="Include\Scene\Factory\CharacterSelectFactory.h">
      <Filter>Game\Scene\CharacterSelect</Filter>
    </ClInclude>
    <ClInclude Include="include\Scene\CharacterSelectScene.h">
      <Filter>Game\Scene\CharacterSelect</Filter>
    </ClInclude>
    <ClInclude Include="Include\Collision\Collision.h">
      <Filter>Game\Collision</Filter>
    </ClInclude>
    <ClInclude Include="Include\Object\CollisionShape.h">
      <Filter>Game\Collision</Filter>
    </ClInclude>
    <ClInclude Include="Include\Graphic\Buffer\ConstantBuffer.h">
      <Filter>Library\Graphics\D3D\Buffer</Filter>
    </ClInclude>
    <ClInclude Include="Include\Graphic\Buffer\VertexBuffer.h">
      <Filter>Library\Graphics\D3D\Buffer</Filter>
    </ClInclude>
    <ClInclude Include="Include\Graphic\Buffer\IndexBuffer.h">
      <Filter>Library\Graphics\D3D\Buffer</Filter>
    </ClInclude>
    <ClInclude Include="Include\Utility\Converter.h">
      <Filter>Library\Utility\Converter</Filter>
    </ClInclude>
    <ClInclude Include="Include\Utility\DelegateList.h">
      <Filter>Library\Utility\Delegate</Filter>
    </ClInclude>
    <ClInclude Include="Include\Utility\Delegate.h">
      <Filter>Library\Utility\Delegate</Filter>
    </ClInclude>
    <ClInclude Include="Include\Utility\DelegateBase.h">
      <Filter>Library\Utility\Delegate</Filter>
    </ClInclude>
    <ClInclude Include="Include\Utility\FPS.h">
      <Filter>Library\Utility\FPS</Filter>
    </ClInclude>
    <ClInclude Include="Include\Utility\FrameTimer.h">
      <Filter>Library\Utility\FrameTimer</Filter>
    </ClInclude>
    <ClInclude Include="Include\Utility\Memory.h">
      <Filter>Library\Utility\Memory</Filter>
    </ClInclude>
    <ClInclude Include="Include\Model\CwnBaseMesh.h">
      <Filter>Library\Graphics\D3D\Model\CWN</Filter>
    </ClInclude>
    <ClInclude Include="Include\Model\CwnDecoder.h">
      <Filter>Library\Graphics\D3D\Model\CWN</Filter>
    </ClInclude>
    <ClInclude Include="Include\Model\CwnSkinMesh.h">
      <Filter>Library\Graphics\D3D\Model\CWN</Filter>
    </ClInclude>
    <ClInclude Include="Include\Model\CwnStaticMesh.h">
      <Filter>Library\Graphics\D3D\Model\CWN</Filter>
    </ClInclude>
    <ClInclude Include="Include\Object\HitPoint.h">
      <Filter>Game\Object\HitPoint</Filter>
    </ClInclude>
    <ClInclude Include="Include\Manager\HitPointManager.h">
      <Filter>Game\Object\HitPoint</Filter>
    </ClInclude>
    <ClInclude Include="Include\Scene\Scene.h">
      <Filter>Game\Scene</Filter>
    </ClInclude>
    <ClInclude Include="Include\Scene\SceneFactory.h">
      <Filter>Game\Scene</Filter>
    </ClInclude>
    <ClInclude Include="Include\Scene\SceneManager.h">
      <Filter>Game\Scene\Manager</Filter>
    </ClInclude>
    <ClInclude Include="Include\Object\Skill\Skill.h">
      <Filter>Game\Object\Skill</Filter>
    </ClInclude>
    <ClInclude Include="Include\Object\Skill\SkillDefine.h">
      <Filter>Game\Object\Skill</Filter>
    </ClInclude>
    <ClInclude Include="Include\Manager\SkillManager.h">
      <Filter>Game\Object\Skill</Filter>
    </ClInclude>
    <ClInclude Include="Include\Object\Skill\SkillSet.h">
      <Filter>Game\Object\Skill</Filter>
    </ClInclude>
    <ClInclude Include="Include\Object\Skill\SkillState.h">
      <Filter>Game\Object\Skill</Filter>
    </ClInclude>
    <ClInclude Include="Include\Scene\TitleScene.h">
      <Filter>Game\Scene\Title</Filter>
    </ClInclude>
    <ClInclude Include="Include\Scene\Factory\TitleFactory.h">
      <Filter>Game\Scene\Title</Filter>
    </ClInclude>
    <ClInclude Include="Include\Input\InputManager.h">
      <Filter>Library\Input</Filter>
    </ClInclude>
    <ClInclude Include="Include\Input\Keyboard.h">
      <Filter>Library\Input\Keyboard</Filter>
    </ClInclude>
    <ClInclude Include="Include\Input\GamePad.h">
      <Filter>Library\Input\Gamepad</Filter>
    </ClInclude>
    <ClInclude Include="Include\D3D\Device\Device.h">
      <Filter>Library\System\Device</Filter>
    </ClInclude>
    <ClInclude Include="Include\Utility\ScreenShot.h">
      <Filter>Library\Utility\ScreenShot</Filter>
    </ClInclude>
    <ClInclude Include="Include\Object\Player.h">
      <Filter>Game\Object\Player</Filter>
    </ClInclude>
    <ClInclude Include="Include\CharacterController\PlayerController\PlayerController.h">
      <Filter>Game\Object\Player</Filter>
    </ClInclude>
    <ClInclude Include="Include\Loader\PlayerLoader.h">
      <Filter>Game\Object\Player</Filter>
    </ClInclude>
    <ClInclude Include="Include\Object\Manager\PlayerManager.h">
      <Filter>Game\Object\Player</Filter>
    </ClInclude>
    <ClInclude Include="Include\Sound\Sound.h">
      <Filter>Library\Sound</Filter>
    </ClInclude>
    <ClInclude Include="Include\Sound\SoundCallBack.h">
      <Filter>Library\Sound</Filter>
    </ClInclude>
    <ClInclude Include="Include\Sound\SoundCore.h">
      <Filter>Library\Sound</Filter>
    </ClInclude>
    <ClInclude Include="Include\Sound\SE\SE.h">
      <Filter>Library\Sound\SE</Filter>
    </ClInclude>
    <ClInclude Include="Include\Sound\BGM\BGM.h">
      <Filter>Library\Sound\BGM</Filter>
    </ClInclude>
    <ClInclude Include="Include\Sound\BGM\BGMPimpl.h">
      <Filter>Library\Sound\BGM</Filter>
    </ClInclude>
    <ClInclude Include="Include\Scene\GameScene\GameSceneUI.h">
      <Filter>Game\Scene\Game</Filter>
    </ClInclude>
    <ClInclude Include="Include\Scene\Factory\GameFactory.h">
      <Filter>Game\Scene\Game</Filter>
    </ClInclude>
    <ClInclude Include="Include\Scene\GameScene.h">
      <Filter>Game\Scene\Game</Filter>
    </ClInclude>
    <ClInclude Include="Include\Scene\Factory\ResultFactory.h">
      <Filter>Game\Scene\Result</Filter>
    </ClInclude>
    <ClInclude Include="Include\Scene\ResultScene.h">
      <Filter>Game\Scene\Result</Filter>
    </ClInclude>
    <ClInclude Include="Include\Scene\Factory\StageSelectFactory.h">
      <Filter>Game\Scene\StageSelect</Filter>
    </ClInclude>
    <ClInclude Include="Include\Scene\StageSelectScene.h">
      <Filter>Game\Scene\StageSelect</Filter>
    </ClInclude>
    <ClInclude Include="Include\Object\Skill\WhiteBlackSkill.h">
      <Filter>Game\Object\Skill\WhiteBlack</Filter>
    </ClInclude>
    <ClInclude Include="Include\UI\UIManager.h">
      <Filter>Game\Object\Voice\UI</Filter>
    </ClInclude>
    <ClInclude Include="Include\UI\UI.h">
      <Filter>Game\Object\Voice\UI</Filter>
    </ClInclude>
    <ClInclude Include="Include\System\System.h">
      <Filter>Library\System</Filter>
    </ClInclude>
    <ClInclude Include="Include\System\Window.h">
      <Filter>Library\System\Window</Filter>
    </ClInclude>
    <ClInclude Include="Include\System\D2DCore.h">
      <Filter>Library\Graphics\D2D</Filter>
    </ClInclude>
    <ClInclude Include="Include\D2D\D2DGeometry.h">
      <Filter>Library\Graphics\D2D</Filter>
    </ClInclude>
    <ClInclude Include="Include\Graphic\D2DGraphic.h">
      <Filter>Library\Graphics\D2D</Filter>
    </ClInclude>
    <ClInclude Include="include\D2D\Interface\D2DRenderTarget.h">
      <Filter>Library\Graphics\D2D\RenderTarget</Filter>
    </ClInclude>
    <ClInclude Include="Include\Graphic\Rasterizer\Rasterizer.h">
      <Filter>Library\Graphics\D3D\Rasterizer</Filter>
    </ClInclude>
    <ClInclude Include="Include\D2D\Interface\TextFormat.h">
      <Filter>Library\Graphics\D2D\Text</Filter>
    </ClInclude>
    <ClInclude Include="Include\D2D\Interface\TextLayout.h">
      <Filter>Library\Graphics\D2D\Text</Filter>
    </ClInclude>
    <ClInclude Include="Include\D2D\Text\TextObject.h">
      <Filter>Library\Graphics\D2D\Text</Filter>
    </ClInclude>
    <ClInclude Include="Include\D3D\SwapChain\SwapChain.h">
      <Filter>Library\System\SwapChain</Filter>
    </ClInclude>
    <ClInclude Include="Include\Sound\Voice\SubmixVoice.h">
      <Filter>Library\Sound\Voice</Filter>
    </ClInclude>
    <ClInclude Include="Include\Sound\Voice\MasterVoice.h">
      <Filter>Library\Sound\Voice</Filter>
    </ClInclude>
    <ClInclude Include="Include\Sound\Voice\SourceVoice.h">
      <Filter>Library\Sound\Voice</Filter>
    </ClInclude>
    <ClInclude Include="Include\Utility\Debug.h">
      <Filter>Library\Utility\Debug</Filter>
    </ClInclude>
    <ClInclude Include="Include\World\DebugDrawer.h">
      <Filter>Library\Utility\Debug</Filter>
    </ClInclude>
    <ClInclude Include="Include\Graphic\DepthStencil\DepthStencil.h">
      <Filter>Library\Graphics\D3D\DepthStencil</Filter>
    </ClInclude>
    <ClInclude Include="Include\Graphic\Sampler\Sampler.h">
      <Filter>Library\Graphics\D3D\Sampler</Filter>
    </ClInclude>
    <ClInclude Include="Include\Object\Object.h">
      <Filter>Game\Object\Object</Filter>
    </ClInclude>
    <ClInclude Include="Include\Object\ObjectMask.h">
      <Filter>Game\Object\Object</Filter>
    </ClInclude>
    <ClInclude Include="Include\Object\ObjectParameter.h">
      <Filter>Game\Object\Object</Filter>
    </ClInclude>
    <ClInclude Include="Include\Pool\ObjectPool.h">
      <Filter>Game\Object\Object</Filter>
    </ClInclude>
    <ClInclude Include="Include\Shader\Shader.h">
      <Filter>Library\Graphics\Shader</Filter>
    </ClInclude>
    <ClInclude Include="Include\Model\ModelSkinShader.h">
      <Filter>Library\Graphics\Shader</Filter>
    </ClInclude>
    <ClInclude Include="Include\Model\ModelStaticShader.h">
      <Filter>Library\Graphics\Shader</Filter>
    </ClInclude>
    <ClInclude Include="Include\D2D\Brush\RGBrush.h">
      <Filter>Library\Graphics\D2D\Brush</Filter>
    </ClInclude>
    <ClInclude Include="Include\D2D\Brush\SolidBrush.h">
      <Filter>Library\Graphics\D2D\Brush</Filter>
    </ClInclude>
    <ClInclude Include="Include\Stage\Stage.h">
      <Filter>Game\Object\Stage</Filter>
    </ClInclude>
    <ClInclude Include="Include\Scene\GameScene\StageCall.h">
      <Filter>Game\Object\Stage</Filter>
    </ClInclude>
    <ClInclude Include="Include\Stage\Factory\StageFactory.h">
      <Filter>Game\Object\Stage</Filter>
    </ClInclude>
    <ClInclude Include="Include\Scene\StageSelectScene\StageIcon.h">
      <Filter>Game\Object\Stage</Filter>
    </ClInclude>
    <ClInclude Include="Include\Utility\SizeGetter.h">
      <Filter>Library\Utility\SizeGetter</Filter>
    </ClInclude>
    <ClInclude Include="Include\Utility\SafeDelete.h">
      <Filter>Library\Utility\Memory</Filter>
    </ClInclude>
    <ClInclude Include="Include\Utility\Macro.h">
      <Filter>Library\Utility\Macro</Filter>
    </ClInclude>
    <ClInclude Include="Include\D2D\Interface\ImagingFactory.h">
      <Filter>Library\Graphics\D2D\ImagingFactory</Filter>
    </ClInclude>
    <ClInclude Include="Include\Effect\Effect.h">
      <Filter>Game\Object\Effect</Filter>
    </ClInclude>
    <ClInclude Include="Include\D2D\Sprite\SpriteDecoder.h">
      <Filter>Library\Graphics\D2D\Sprite</Filter>
    </ClInclude>
    <ClInclude Include="Include\D2D\Sprite\Sprite.h">
      <Filter>Library\Graphics\D2D\Sprite</Filter>
    </ClInclude>
    <ClInclude Include="Include\Sound\WaveDecoder.h">
      <Filter>Library\Sound\Wave</Filter>
    </ClInclude>
    <ClInclude Include="Include\Sound\WaveData.h">
      <Filter>Library\Sound\Wave</Filter>
    </ClInclude>
    <ClInclude Include="Include\World\World.h">
      <Filter>Game\Object\World</Filter>
    </ClInclude>
    <ClInclude Include="Include\D2D\Interface\WriteFactory.h">
      <Filter>Library\Graphics\D2D\WriteFactory</Filter>
    </ClInclude>
    <ClInclude Include="Include\Pool\Ref.h">
      <Filter>Game\Object\Ref</Filter>
    </ClInclude>
    <ClInclude Include="Include\Graphic\RenderTarget\RenderTarget.h">
      <Filter>Library\Graphics\D3D\RenderTarget</Filter>
    </ClInclude>
    <ClInclude Include="Include\Scene\CharacterSelectScene\Cursor\SelectCursor.h">
      <Filter>Game\Scene\StageSelect\Cursor</Filter>
    </ClInclude>
    <ClInclude Include="Include\Scene\CharacterSelectScene\Icon\SelectIcon.h">
      <Filter>Game\Scene\StageSelect\Icon</Filter>
    </ClInclude>
    <ClInclude Include="Include\Graphic\D3DGraphic.h">
      <Filter>Library\Graphics\D3D</Filter>
    </ClInclude>
    <ClInclude Include="Include\System\D3DCore.h">
      <Filter>Library\Graphics\D3D</Filter>
    </ClInclude>
    <ClInclude Include="Include\Graphic\ShaderResource\ShaderResource.h">
      <Filter>Library\Graphics\D3D\ShaderResource</Filter>
    </ClInclude>
    <ClInclude Include="Include\Graphic\Graphic.h">
      <Filter>Library\Graphics</Filter>
    </ClInclude>
    <ClInclude Include="Include\Direction\Fade.h">
      <Filter>Game\Object\Direction</Filter>
    </ClInclude>
    <ClInclude Include="Include\Direction\Direction.h">
      <Filter>Game\Object\Direction</Filter>
    </ClInclude>
    <ClInclude Include="include\Shader\TestShader.h">
      <Filter>Game\Shader</Filter>
    </ClInclude>
    <ClInclude Include="Include\Model\MeshDef.h">
      <Filter>Library\Graphics\D3D\Model</Filter>
    </ClInclude>
    <ClInclude Include="Include\Scene\CaptureScene\CaptureCamera.h">
      <Filter>Game\Scene\Capture</Filter>
    </ClInclude>
    <ClInclude Include="Include\Scene\CaptureScene\CaptureScene.h">
      <Filter>Game\Scene\Capture</Filter>
    </ClInclude>
    <ClInclude Include="Include\Scene\CaptureScene\ConvertChar.h">
      <Filter>Game\Scene\Capture</Filter>
    </ClInclude>
    <ClInclude Include="Include\Scene\CaptureScene\FileLoader.h">
      <Filter>Game\Scene\Capture</Filter>
    </ClInclude>
    <ClInclude Include="Include\Scene\CaptureScene\FileUtility.h">
      <Filter>Game\Scene\Capture</Filter>
    </ClInclude>
    <ClInclude Include="Include\Scene\CaptureScene\KeyboardOperation.h">
      <Filter>Game\Scene\Capture</Filter>
    </ClInclude>
    <ClInclude Include="Include\Scene\CaptureScene\MathDef.h">
      <Filter>Game\Scene\Capture</Filter>
    </ClInclude>
    <ClInclude Include="Include\Scene\CaptureScene\Menu.h">
      <Filter>Game\Scene\Capture</Filter>
    </ClInclude>
    <ClInclude Include="Include\Scene\CaptureScene\ModelAnimeLoader.h">
      <Filter>Game\Scene\Capture</Filter>
    </ClInclude>
    <ClInclude Include="Include\Scene\CreditScene.h">
      <Filter>Game\Scene\Credit</Filter>
    </ClInclude>
    <ClInclude Include="Include\Object\Skill\BlueSkill.h">
      <Filter>Game\Object\Skill\Blue</Filter>
    </ClInclude>
    <ClInclude Include="Include\Object\Skill\RedSkill.h">
      <Filter>Game\Object\Skill\Red</Filter>
    </ClInclude>
    <ClInclude Include="Include\Object\Skill\YellowSkill.h">
      <Filter>Game\Object\Skill\Yellow</Filter>
    </ClInclude>
    <ClInclude Include="Include\Voice\VoiceList.h">
      <Filter>Game\Object\Voice</Filter>
    </ClInclude>
    <ClInclude Include="Include\Manager\VoiceManager.h">
      <Filter>Game\Object\Voice</Filter>
    </ClInclude>
    <ClInclude Include="Include\Scene\Factory\CreditFactory.h">
      <Filter>Game\Scene\Credit</Filter>
    </ClInclude>
  </ItemGroup>
  <ItemGroup>
    <CustomBuild Include="Resource\FbxStaticShader.hlsl">
      <Filter>Game\Shader</Filter>
    </CustomBuild>
    <CustomBuild Include="Resource\FbxSkinMeshShader.hlsl">
      <Filter>Game\Shader</Filter>
    </CustomBuild>
  </ItemGroup>
  <ItemGroup>
    <Filter Include="Game">
      <UniqueIdentifier>{d87a4f4c-b081-4fe7-8ea5-c223aaa13ee0}</UniqueIdentifier>
    </Filter>
    <Filter Include="Library">
      <UniqueIdentifier>{f8ce1e00-b1d7-43cd-b8a8-d4448e801e93}</UniqueIdentifier>
    </Filter>
    <Filter Include="Game\Object">
      <UniqueIdentifier>{f42c42cc-6ee9-47ce-9306-64dd8c942c0b}</UniqueIdentifier>
    </Filter>
    <Filter Include="Game\Scene">
      <UniqueIdentifier>{ccaaa786-65a3-4ed8-a369-6d0c943c6e90}</UniqueIdentifier>
    </Filter>
    <Filter Include="Game\Scene\Title">
      <UniqueIdentifier>{531f4053-399f-427f-84a7-074968b70601}</UniqueIdentifier>
    </Filter>
    <Filter Include="Game\Scene\Result">
      <UniqueIdentifier>{c5e39a1c-226b-47f7-9339-946a41c600fb}</UniqueIdentifier>
    </Filter>
    <Filter Include="Game\Scene\Game">
      <UniqueIdentifier>{40d53035-35a1-4dc8-9307-9c8569e172e2}</UniqueIdentifier>
    </Filter>
    <Filter Include="Game\Scene\Credit">
      <UniqueIdentifier>{784f992d-f89a-4a96-bd1b-cb87374a133e}</UniqueIdentifier>
    </Filter>
    <Filter Include="Game\Scene\CharacterSelect">
      <UniqueIdentifier>{f861fd9d-7da8-4b7d-9064-b10bf19a81cf}</UniqueIdentifier>
    </Filter>
    <Filter Include="Game\Scene\StageSelect">
      <UniqueIdentifier>{6d1a7bb4-4b09-44b8-a0c8-f875b37e9281}</UniqueIdentifier>
    </Filter>
    <Filter Include="Game\Scene\Capture">
      <UniqueIdentifier>{557141fd-ae97-471d-b1ab-b2e5ef63162b}</UniqueIdentifier>
    </Filter>
    <Filter Include="Library\Sound">
      <UniqueIdentifier>{d5c3d624-0876-4a1d-a6e0-afbb79c87380}</UniqueIdentifier>
    </Filter>
    <Filter Include="Library\System">
      <UniqueIdentifier>{b82a2efe-1006-4fc8-b31b-6d57a6ae858c}</UniqueIdentifier>
    </Filter>
    <Filter Include="Library\Utility">
      <UniqueIdentifier>{122f762d-f751-409f-92b9-3e3d8202ec8c}</UniqueIdentifier>
    </Filter>
    <Filter Include="Game\Object\Animation">
      <UniqueIdentifier>{517757f6-d249-44d9-93c8-6c25bd7274b1}</UniqueIdentifier>
    </Filter>
    <Filter Include="Library\Graphics">
      <UniqueIdentifier>{8f4662ba-3a8f-417b-b6de-b8fdcbd8ae81}</UniqueIdentifier>
    </Filter>
    <Filter Include="Library\Graphics\D3D">
      <UniqueIdentifier>{e19b79fd-32dd-4dc6-ab09-159b437fd091}</UniqueIdentifier>
    </Filter>
    <Filter Include="Library\Graphics\D2D">
      <UniqueIdentifier>{a862ba22-c330-424e-b73c-6be02611c0c3}</UniqueIdentifier>
    </Filter>
    <Filter Include="Library\Graphics\D2D\Brush">
      <UniqueIdentifier>{673c14a9-1ef2-401d-96f9-1cd41a102e44}</UniqueIdentifier>
    </Filter>
    <Filter Include="Library\Graphics\D3D\BlendState">
      <UniqueIdentifier>{9d102d6f-b51b-4cdd-be5c-77e4945a9ee8}</UniqueIdentifier>
    </Filter>
    <Filter Include="Library\Graphics\D3D\Buffer">
      <UniqueIdentifier>{968c072f-312b-440c-914a-41cb55878dd3}</UniqueIdentifier>
    </Filter>
    <Filter Include="Library\Graphics\D3D\Camera">
      <UniqueIdentifier>{75c1b8b1-4ea1-4bc6-b595-a4b5b6ac79d9}</UniqueIdentifier>
    </Filter>
    <Filter Include="Game\Object\Character">
      <UniqueIdentifier>{cd342d7f-8a5b-49c4-b7c2-100abf313332}</UniqueIdentifier>
    </Filter>
    <Filter Include="Game\Collision">
      <UniqueIdentifier>{df7ff899-5d28-494f-8b7a-9da853ec5ad0}</UniqueIdentifier>
    </Filter>
    <Filter Include="Library\Utility\Converter">
      <UniqueIdentifier>{a44e6c88-6a24-48d0-a730-be6b5e9eeca3}</UniqueIdentifier>
    </Filter>
    <Filter Include="Library\Utility\Delegate">
      <UniqueIdentifier>{a2670862-334d-4c9b-aae4-1cab572f9660}</UniqueIdentifier>
    </Filter>
    <Filter Include="Library\Utility\FPS">
      <UniqueIdentifier>{fba88db1-8b82-453c-9b0c-b5bafd317963}</UniqueIdentifier>
    </Filter>
    <Filter Include="Library\Utility\FrameTimer">
      <UniqueIdentifier>{31590b81-544f-4824-ba79-1f063c3d1ea7}</UniqueIdentifier>
    </Filter>
    <Filter Include="Library\Utility\Memory">
      <UniqueIdentifier>{199d82a1-29b3-45ec-af45-09c86111e8a6}</UniqueIdentifier>
    </Filter>
    <Filter Include="Library\System\Device">
      <UniqueIdentifier>{53b1edfe-e184-4526-8f2b-c17a522630b3}</UniqueIdentifier>
    </Filter>
    <Filter Include="Library\System\SwapChain">
      <UniqueIdentifier>{9ae6b0d9-940a-4d38-b6f7-56455bcf934b}</UniqueIdentifier>
    </Filter>
    <Filter Include="Game\Object\HitPoint">
      <UniqueIdentifier>{db5d1ff1-dd2d-4575-9f86-edf34626a3e6}</UniqueIdentifier>
    </Filter>
    <Filter Include="Game\Scene\Manager">
      <UniqueIdentifier>{242a9435-02cd-4552-bdf1-189371e20ec1}</UniqueIdentifier>
    </Filter>
    <Filter Include="Game\Object\Skill">
      <UniqueIdentifier>{a1470c5a-f3ff-4f3c-b6ff-47ac23b2bf94}</UniqueIdentifier>
    </Filter>
    <Filter Include="Library\Input">
      <UniqueIdentifier>{22a4fdf8-206e-47fe-9d75-11e8cd59d2f1}</UniqueIdentifier>
    </Filter>
    <Filter Include="Library\Input\Keyboard">
      <UniqueIdentifier>{e3eb2892-5618-4fd1-bf8c-c59fae9a1c00}</UniqueIdentifier>
    </Filter>
    <Filter Include="Library\Input\Gamepad">
      <UniqueIdentifier>{3d4aabd7-7e6b-4690-b64f-e3e453e70487}</UniqueIdentifier>
    </Filter>
    <Filter Include="Library\Utility\ScreenShot">
      <UniqueIdentifier>{0d37a38f-dd1a-4592-8f20-989f6e8312ab}</UniqueIdentifier>
    </Filter>
    <Filter Include="Library\Graphics\D3D\Rasterizer">
      <UniqueIdentifier>{112bf9ef-97ad-473d-b2f5-966968922c56}</UniqueIdentifier>
    </Filter>
    <Filter Include="Library\Graphics\D3D\Sampler">
      <UniqueIdentifier>{352fc5fb-43f6-469c-82f4-7acc8d69a8fb}</UniqueIdentifier>
    </Filter>
    <Filter Include="Game\Object\Player">
      <UniqueIdentifier>{b2d33cfa-efb7-4d41-bf56-7f6ea0e2d93e}</UniqueIdentifier>
    </Filter>
    <Filter Include="Library\Sound\SE">
      <UniqueIdentifier>{39e77177-58b6-4a6e-94dc-02a1ab73fb23}</UniqueIdentifier>
    </Filter>
    <Filter Include="Library\Sound\BGM">
      <UniqueIdentifier>{65171d8c-9cf2-4429-b9ea-6840e86c0cf5}</UniqueIdentifier>
    </Filter>
    <Filter Include="Game\Object\Skill\WhiteBlack">
      <UniqueIdentifier>{35d5aa4d-c320-4fb6-af2e-f1c117bb09b5}</UniqueIdentifier>
    </Filter>
    <Filter Include="Library\System\Window">
      <UniqueIdentifier>{e9b92488-c182-4ee5-b745-26bbb5b5ff0c}</UniqueIdentifier>
    </Filter>
    <Filter Include="Library\Graphics\D2D\RenderTarget">
      <UniqueIdentifier>{6d33f540-5ee5-4a9c-89e3-41601891457c}</UniqueIdentifier>
    </Filter>
    <Filter Include="Library\Graphics\D2D\Text">
      <UniqueIdentifier>{412dfae5-51e2-439a-9e58-5137d1b7b80b}</UniqueIdentifier>
    </Filter>
    <Filter Include="Library\Sound\Voice">
      <UniqueIdentifier>{97fa15fb-d7ea-4045-81c8-799f199251e8}</UniqueIdentifier>
    </Filter>
    <Filter Include="Library\Utility\Debug">
      <UniqueIdentifier>{8b736412-8d85-4a93-baee-c22f5c578ae8}</UniqueIdentifier>
    </Filter>
    <Filter Include="Library\Graphics\D3D\DepthStencil">
      <UniqueIdentifier>{3cf55fd8-9525-4e7f-b7af-96ed91ca6468}</UniqueIdentifier>
    </Filter>
    <Filter Include="Game\Object\Object">
      <UniqueIdentifier>{6e419bf3-28d3-4784-9edb-a518a5ec9e28}</UniqueIdentifier>
    </Filter>
    <Filter Include="Library\Graphics\Shader">
      <UniqueIdentifier>{704de851-ba7b-4118-89fc-7bd54a9e16a7}</UniqueIdentifier>
    </Filter>
    <Filter Include="Game\Object\Stage">
      <UniqueIdentifier>{c3522558-cf10-4f8e-b4b9-e4b2efd4defc}</UniqueIdentifier>
    </Filter>
    <Filter Include="Library\Utility\SizeGetter">
      <UniqueIdentifier>{89ffd380-a165-4f34-96cf-2d9ee9b3a652}</UniqueIdentifier>
    </Filter>
    <Filter Include="Library\Utility\Macro">
      <UniqueIdentifier>{60b9c92a-8bbc-44da-b480-c3759d352a38}</UniqueIdentifier>
    </Filter>
    <Filter Include="Library\Graphics\D2D\ImagingFactory">
      <UniqueIdentifier>{847bf336-3aed-4a63-aee4-261c1d338958}</UniqueIdentifier>
    </Filter>
    <Filter Include="Game\Object\Effect">
      <UniqueIdentifier>{c263da85-1da9-408a-ba4f-e756c3ac366e}</UniqueIdentifier>
    </Filter>
    <Filter Include="Library\Graphics\D2D\Sprite">
      <UniqueIdentifier>{ba4b63dd-05c6-4aef-860c-373a94fba222}</UniqueIdentifier>
    </Filter>
    <Filter Include="Library\Sound\Wave">
      <UniqueIdentifier>{c9650072-e64f-48a0-9dc7-b4d338790c04}</UniqueIdentifier>
    </Filter>
    <Filter Include="Game\Object\World">
      <UniqueIdentifier>{b9e2146a-7acc-4c63-ad1c-ab8e27089b08}</UniqueIdentifier>
    </Filter>
    <Filter Include="Library\Graphics\D2D\WriteFactory">
      <UniqueIdentifier>{f23da83e-14ba-4725-a192-4651287cb337}</UniqueIdentifier>
    </Filter>
    <Filter Include="Game\Object\Ref">
      <UniqueIdentifier>{b459a303-d4de-41ad-bd88-1daa1cd879af}</UniqueIdentifier>
    </Filter>
    <Filter Include="Library\Graphics\D3D\RenderTarget">
      <UniqueIdentifier>{a878726d-5e8e-4bcf-96e2-11eaea7312f0}</UniqueIdentifier>
    </Filter>
    <Filter Include="Game\Scene\StageSelect\Cursor">
      <UniqueIdentifier>{26137d2f-57da-4362-b5e6-10931d6f674f}</UniqueIdentifier>
    </Filter>
    <Filter Include="Game\Scene\StageSelect\Icon">
      <UniqueIdentifier>{eb155f3c-7312-4ff5-be86-1d134c1b04f7}</UniqueIdentifier>
    </Filter>
    <Filter Include="Library\Graphics\D3D\ShaderResource">
      <UniqueIdentifier>{0976edad-5305-4e42-868d-8041e7781649}</UniqueIdentifier>
    </Filter>
    <Filter Include="Library\Graphics\D3D\Model">
      <UniqueIdentifier>{c9a77b3c-5a38-4cce-87fa-10131a6b51c0}</UniqueIdentifier>
    </Filter>
    <Filter Include="Library\Graphics\D3D\Model\CWN">
      <UniqueIdentifier>{b7ca46bb-3245-4299-8e3c-16b8889a764c}</UniqueIdentifier>
    </Filter>
    <Filter Include="Game\Object\Direction">
      <UniqueIdentifier>{3d26bd96-1e42-4469-ad39-948c2a3bab0b}</UniqueIdentifier>
    </Filter>
    <Filter Include="Game\Shader">
      <UniqueIdentifier>{5c59118c-19a6-46e0-8466-d405ad8ced26}</UniqueIdentifier>
    </Filter>
    <Filter Include="Game\Object\Voice">
      <UniqueIdentifier>{171ed2fb-7bfd-4071-8a6d-394480f739f8}</UniqueIdentifier>
    </Filter>
    <Filter Include="Game\Object\Skill\Blue">
      <UniqueIdentifier>{18bc884b-b28c-4086-919e-12aaf4c52c97}</UniqueIdentifier>
    </Filter>
    <Filter Include="Game\Object\Skill\Red">
      <UniqueIdentifier>{44121ecf-184b-4413-8b5c-8c09e586d5c7}</UniqueIdentifier>
    </Filter>
    <Filter Include="Game\Object\Skill\Yellow">
      <UniqueIdentifier>{e3472906-e335-4ea4-b8dc-e2e8903dff75}</UniqueIdentifier>
    </Filter>
    <Filter Include="Game\Object\Voice\UI">
      <UniqueIdentifier>{0b05a70e-ce53-442b-8da0-89ea617ff74d}</UniqueIdentifier>
    </Filter>
  </ItemGroup>
</Project>