<?xml version="1.0" encoding="utf-8"?>
<Project ToolsVersion="4.0" xmlns="http://schemas.microsoft.com/developer/msbuild/2003">
  <ItemGroup>
    <Filter Include="ソース ファイル">
      <UniqueIdentifier>{4FC737F1-C7A5-4376-A066-2A32D752A2FF}</UniqueIdentifier>
      <Extensions>cpp;c;cc;cxx;def;odl;idl;hpj;bat;asm;asmx</Extensions>
    </Filter>
    <Filter Include="ソース ファイル\Library">
      <UniqueIdentifier>{05b5b8bb-57c3-4a0b-a558-0bb392bcd050}</UniqueIdentifier>
    </Filter>
    <Filter Include="ソース ファイル\Library\Sound">
      <UniqueIdentifier>{9bd4baa4-269e-47bb-82dc-c10d955315b8}</UniqueIdentifier>
    </Filter>
    <Filter Include="ソース ファイル\Library\Sound\Voice">
      <UniqueIdentifier>{26f3ac7d-8185-4992-9132-00c98cc2f80e}</UniqueIdentifier>
    </Filter>
    <Filter Include="ソース ファイル\Library\Sound\BGM">
      <UniqueIdentifier>{e2dfd1fe-bbd6-4bb3-9e6e-f08078b84245}</UniqueIdentifier>
    </Filter>
    <Filter Include="ソース ファイル\Library\Sound\SE">
      <UniqueIdentifier>{08a5e876-6b8b-4a33-ab02-cd932a59ca57}</UniqueIdentifier>
    </Filter>
    <Filter Include="ソース ファイル\Library\Sound\Core">
      <UniqueIdentifier>{2bb772c2-52e9-4826-a0f8-e117c082ab05}</UniqueIdentifier>
    </Filter>
    <Filter Include="ソース ファイル\Library\Sound\Wave">
      <UniqueIdentifier>{a9e48941-cd3c-401b-8276-d0a5e1274f99}</UniqueIdentifier>
    </Filter>
    <Filter Include="ソース ファイル\Library\Graphic">
      <UniqueIdentifier>{cb14809b-4aff-473e-9541-00dd520fdd67}</UniqueIdentifier>
    </Filter>
    <Filter Include="ソース ファイル\Library\Graphic\D2D">
      <UniqueIdentifier>{a6a94156-4a10-4f44-8c80-f1d330ccabc5}</UniqueIdentifier>
    </Filter>
    <Filter Include="ソース ファイル\Library\Graphic\D2D\Geometory">
      <UniqueIdentifier>{4907825a-9136-49e4-87be-cd52b216cb97}</UniqueIdentifier>
    </Filter>
    <Filter Include="ソース ファイル\Library\Graphic\D2D\Brush">
      <UniqueIdentifier>{0f65e6cb-7eeb-4a7b-b725-46a1ca0b0ee5}</UniqueIdentifier>
    </Filter>
    <Filter Include="ソース ファイル\Library\Graphic\D3D">
      <UniqueIdentifier>{a4d65da7-6352-4bf9-901f-9c006529379f}</UniqueIdentifier>
    </Filter>
    <Filter Include="ソース ファイル\Library\Graphic\D3D\Interface">
      <UniqueIdentifier>{b3547464-89c3-4347-9379-d1fa77a02e7a}</UniqueIdentifier>
    </Filter>
    <Filter Include="ソース ファイル\Library\Graphic\D3D\Interface\DepthStencil">
      <UniqueIdentifier>{a1e3aee1-8838-40ac-ac5f-40ccce191d4c}</UniqueIdentifier>
    </Filter>
    <Filter Include="ソース ファイル\Library\Graphic\D3D\Interface\BlendState">
      <UniqueIdentifier>{59258156-a3d1-49be-aac1-b0bdae56ec89}</UniqueIdentifier>
    </Filter>
    <Filter Include="ソース ファイル\Library\Graphic\D3D\Interface\Rasterizer">
      <UniqueIdentifier>{0e7c7031-79a7-4391-bc08-5244a6756daa}</UniqueIdentifier>
    </Filter>
    <Filter Include="ソース ファイル\Library\Graphic\D3D\Interface\RenderTarget">
      <UniqueIdentifier>{5939804d-7b37-49bf-8027-d33417039981}</UniqueIdentifier>
    </Filter>
    <Filter Include="ソース ファイル\Library\Graphic\D3D\Interface\Sampler">
      <UniqueIdentifier>{8f499f69-7ebc-4c5e-b650-c5df3b4f659f}</UniqueIdentifier>
    </Filter>
    <Filter Include="ソース ファイル\Library\System">
      <UniqueIdentifier>{c76fc456-12b5-496e-a12b-f29de0844055}</UniqueIdentifier>
    </Filter>
    <Filter Include="ソース ファイル\Library\System\Window">
      <UniqueIdentifier>{fcfb4ae6-a97b-493a-b104-0cb9f6834e42}</UniqueIdentifier>
    </Filter>
    <Filter Include="ソース ファイル\Library\System\D3D">
      <UniqueIdentifier>{facbeddc-414d-495b-b4e0-2febe7e93b98}</UniqueIdentifier>
    </Filter>
    <Filter Include="ソース ファイル\Library\System\D3D\Interface">
      <UniqueIdentifier>{95867a76-b8d6-4460-a7e2-2ce2bb0a6bb3}</UniqueIdentifier>
    </Filter>
    <Filter Include="ソース ファイル\Library\System\D3D\Interface\SwapChain">
      <UniqueIdentifier>{52169869-5c72-465f-b55f-0d10d1cffe41}</UniqueIdentifier>
    </Filter>
    <Filter Include="ソース ファイル\Library\System\D3D\Interface\Device">
      <UniqueIdentifier>{03b95c64-1e80-409c-abe0-802b46d6f7c4}</UniqueIdentifier>
    </Filter>
    <Filter Include="ソース ファイル\Library\System\D2D">
      <UniqueIdentifier>{990377f6-ac4f-48ce-97d8-ae44ebb13bb6}</UniqueIdentifier>
    </Filter>
    <Filter Include="ソース ファイル\Game">
      <UniqueIdentifier>{7d117156-f21e-4fb9-ae6e-fe0c97818ece}</UniqueIdentifier>
    </Filter>
    <Filter Include="ソース ファイル\Game\Object">
      <UniqueIdentifier>{021ee829-1c33-4ba4-b553-105299534a7e}</UniqueIdentifier>
    </Filter>
    <Filter Include="ソース ファイル\Game\Scene">
      <UniqueIdentifier>{7efec26a-90ca-4ee5-8dd1-ec4880063813}</UniqueIdentifier>
    </Filter>
    <Filter Include="ソース ファイル\Other">
      <UniqueIdentifier>{9483e723-dc65-4a7b-a5f3-420f05e47fa7}</UniqueIdentifier>
    </Filter>
    <Filter Include="ソース ファイル\Other\Delegate">
      <UniqueIdentifier>{6e3ee4e5-5342-4f2d-99b0-027e077642db}</UniqueIdentifier>
    </Filter>
    <Filter Include="ソース ファイル\Game\Scene\Title">
      <UniqueIdentifier>{2335c5a1-3bac-4cee-989b-deaae2ac744e}</UniqueIdentifier>
    </Filter>
    <Filter Include="ソース ファイル\Game\Scene\Title\Factory">
      <UniqueIdentifier>{d666477e-c984-4e96-abe5-77e9c584271d}</UniqueIdentifier>
    </Filter>
    <Filter Include="ソース ファイル\Other\Converter">
      <UniqueIdentifier>{fcf1d913-de9d-462d-bcd5-f7ce0810a038}</UniqueIdentifier>
    </Filter>
    <Filter Include="ソース ファイル\Other\Debug">
      <UniqueIdentifier>{ae2a00c2-068d-4e54-bb31-115b327521a1}</UniqueIdentifier>
    </Filter>
    <Filter Include="ソース ファイル\Library\Graphic\D3D\Interface\ShaderResource">
      <UniqueIdentifier>{4d03dbc4-76e9-4bbe-bd65-2ceae4bd9567}</UniqueIdentifier>
    </Filter>
    <Filter Include="ソース ファイル\Library\Graphic\D3D\Interface\Buffer">
      <UniqueIdentifier>{ef41d61e-6c04-478d-8e4c-84b9556c2984}</UniqueIdentifier>
    </Filter>
    <Filter Include="ソース ファイル\Library\Graphic\D3D\Interface\Buffer\ConstantBuffer">
      <UniqueIdentifier>{3c278d2f-fad9-41a6-9a10-9b61cad3204a}</UniqueIdentifier>
    </Filter>
    <Filter Include="ソース ファイル\Library\Graphic\D3D\Interface\Buffer\IndexBuffer">
      <UniqueIdentifier>{b711065a-bb2c-44e7-9136-545c84f1c0d3}</UniqueIdentifier>
    </Filter>
    <Filter Include="ソース ファイル\Library\Graphic\D3D\Interface\Buffer\VertexBuffer">
      <UniqueIdentifier>{55ff1f20-1ccb-4893-a0c7-de685e5af481}</UniqueIdentifier>
    </Filter>
    <Filter Include="ソース ファイル\Library\Model">
      <UniqueIdentifier>{97c99cbd-976f-4f1f-881d-9b232c555e3d}</UniqueIdentifier>
    </Filter>
    <Filter Include="ソース ファイル\Library\Model\Base">
      <UniqueIdentifier>{34942b5e-42da-4462-a9b0-30929ebe5d9c}</UniqueIdentifier>
    </Filter>
    <Filter Include="ソース ファイル\Other\SafeDelete">
      <UniqueIdentifier>{e851be66-1df2-4f76-b2e1-7756200af772}</UniqueIdentifier>
    </Filter>
    <Filter Include="ソース ファイル\Library\Model\Decoder">
      <UniqueIdentifier>{e99a9ca6-950e-411c-9f7d-17837945fb63}</UniqueIdentifier>
    </Filter>
    <Filter Include="ソース ファイル\Library\Model\Static">
      <UniqueIdentifier>{63fbb1de-0462-4361-8dd3-c2be8bb5da2b}</UniqueIdentifier>
    </Filter>
    <Filter Include="ソース ファイル\Library\Model\Skin">
      <UniqueIdentifier>{98bb8eb2-0077-4e3d-a978-d0ef70cc2c2e}</UniqueIdentifier>
    </Filter>
    <Filter Include="ソース ファイル\Library\Input">
      <UniqueIdentifier>{00e513ce-0ecd-4ec2-913f-89ee7a98a323}</UniqueIdentifier>
    </Filter>
    <Filter Include="ソース ファイル\Library\Input\GamePad">
      <UniqueIdentifier>{462d3bbb-591a-4d1e-8768-54d6ccb2cd03}</UniqueIdentifier>
    </Filter>
    <Filter Include="ソース ファイル\Library\Shader">
      <UniqueIdentifier>{d8e3f975-2735-4275-a070-a8f7fe2ac753}</UniqueIdentifier>
    </Filter>
    <Filter Include="ソース ファイル\Library\Shader\Test">
      <UniqueIdentifier>{0f8a13e1-fcb4-4daa-8b6f-4747a1c6a41c}</UniqueIdentifier>
    </Filter>
    <Filter Include="ソース ファイル\Library\Model\Shader">
      <UniqueIdentifier>{1ae425f8-459b-434d-a469-8db6b036dfcb}</UniqueIdentifier>
    </Filter>
    <Filter Include="ソース ファイル\Library\Model\Anime">
      <UniqueIdentifier>{c7c10297-eee3-4e0c-81af-7f48f4d29df4}</UniqueIdentifier>
    </Filter>
    <Filter Include="ソース ファイル\HLSL">
      <UniqueIdentifier>{82c00292-273f-4f57-9978-21d0c923d2bd}</UniqueIdentifier>
    </Filter>
    <Filter Include="ソース ファイル\Library\Graphic\Camera">
      <UniqueIdentifier>{9908b7d4-9b5d-4a75-abdf-ea5f9f438f85}</UniqueIdentifier>
    </Filter>
    <Filter Include="ソース ファイル\Game\StageFactory">
      <UniqueIdentifier>{7d4445dd-ca9b-4961-be22-180bcc9f39fa}</UniqueIdentifier>
    </Filter>
    <Filter Include="ソース ファイル\Game\World">
      <UniqueIdentifier>{b02991aa-1ddb-4690-9b35-ccbca62d0431}</UniqueIdentifier>
    </Filter>
    <Filter Include="ソース ファイル\Library\Graphic\D2D\Sprite">
      <UniqueIdentifier>{2cee7c2b-8159-414e-a96e-71b4546741ee}</UniqueIdentifier>
    </Filter>
    <Filter Include="ソース ファイル\Library\Graphic\D2D\Interface">
      <UniqueIdentifier>{340fe4cb-38fc-4691-a6ee-6ff07f673cf3}</UniqueIdentifier>
    </Filter>
    <Filter Include="ソース ファイル\Library\Model\AnimetionTrans">
      <UniqueIdentifier>{8784ba23-107e-4c59-936d-9f263b2f590f}</UniqueIdentifier>
    </Filter>
    <Filter Include="ソース ファイル\Game\ResourseManager">
      <UniqueIdentifier>{507ce35b-660d-487c-afcd-2627694496fa}</UniqueIdentifier>
    </Filter>
    <Filter Include="ソース ファイル\Game\ResourseManager\ModelManager">
      <UniqueIdentifier>{5241480f-baa3-4d85-9605-94e95dc59af4}</UniqueIdentifier>
    </Filter>
    <Filter Include="ソース ファイル\Game\ResourseManager\AnimetionManager">
      <UniqueIdentifier>{0d3e2844-64b4-4b7c-abff-84e236bf8cea}</UniqueIdentifier>
    </Filter>
    <Filter Include="ソース ファイル\Game\ResourseManager\PlayerManager">
      <UniqueIdentifier>{fbc065f5-eef9-41d4-aff8-d6967b2f9d5e}</UniqueIdentifier>
    </Filter>
    <Filter Include="ソース ファイル\Game\CharacterController">
      <UniqueIdentifier>{4c356a44-b2de-4c5e-bd32-886a33b51a01}</UniqueIdentifier>
    </Filter>
    <Filter Include="ソース ファイル\Game\CharacterController\PlayerController">
      <UniqueIdentifier>{bc975a74-01b3-45ce-939f-13883fd22e84}</UniqueIdentifier>
    </Filter>
    <Filter Include="ソース ファイル\Game\Scene\Other">
      <UniqueIdentifier>{df1d6be1-cf4a-480a-8e61-18a348a00f1a}</UniqueIdentifier>
    </Filter>
    <Filter Include="ソース ファイル\Game\Scene\Other\Factory">
      <UniqueIdentifier>{d42c9950-67f4-4191-a3aa-351e9b5c275b}</UniqueIdentifier>
    </Filter>
    <Filter Include="ソース ファイル\Game\Scene\Other\Manager">
      <UniqueIdentifier>{a22ab5af-0858-49e6-a27f-06bbe6ba1314}</UniqueIdentifier>
    </Filter>
    <Filter Include="ソース ファイル\Game\Scene\Game">
      <UniqueIdentifier>{246434b2-3118-4c62-9306-48e824349f1e}</UniqueIdentifier>
    </Filter>
    <Filter Include="ソース ファイル\Game\Scene\Game\Factory">
      <UniqueIdentifier>{612524f0-4b5f-4682-88e5-1e0d13015a8c}</UniqueIdentifier>
    </Filter>
    <Filter Include="ソース ファイル\Game\Scene\CharacterSelect">
      <UniqueIdentifier>{632b4635-4221-413b-a5e4-7b5765c65dff}</UniqueIdentifier>
    </Filter>
    <Filter Include="ソース ファイル\Game\Scene\CharacterSelect\Factory">
      <UniqueIdentifier>{2bf87f19-2ef0-4d49-9a82-c256ff970cf8}</UniqueIdentifier>
    </Filter>
    <Filter Include="ソース ファイル\Game\Scene\StageSelect">
      <UniqueIdentifier>{e53e33bf-2aed-4579-891c-f7f6330c3cce}</UniqueIdentifier>
    </Filter>
    <Filter Include="ソース ファイル\Game\Scene\StageSelect\Factory">
      <UniqueIdentifier>{b9b3a0e6-3fd4-412c-89f0-2d6c1e1a781a}</UniqueIdentifier>
    </Filter>
    <Filter Include="ソース ファイル\Game\Scene\Result">
      <UniqueIdentifier>{46ed4dc5-a2e1-44e1-b2aa-3b67c965550c}</UniqueIdentifier>
    </Filter>
    <Filter Include="ソース ファイル\Game\Scene\Result\Factory">
      <UniqueIdentifier>{cd1b4f33-ea8b-47df-8ece-de4bd5287cce}</UniqueIdentifier>
    </Filter>
    <Filter Include="ソース ファイル\Game\Scene\CharacterSelect\Icon">
      <UniqueIdentifier>{3cb1bda8-8a9e-4089-9712-445b214b6d7a}</UniqueIdentifier>
    </Filter>
    <Filter Include="ソース ファイル\Game\Scene\CharacterSelect\Cursor">
      <UniqueIdentifier>{6933f619-7b92-4cee-8bb2-6513e1f11817}</UniqueIdentifier>
    </Filter>
    <Filter Include="ソース ファイル\Library\Input\KeyBoard">
      <UniqueIdentifier>{86665b5e-a945-46e3-8998-cf98a83a5296}</UniqueIdentifier>
    </Filter>
    <Filter Include="ソース ファイル\Library\Input\Manager">
      <UniqueIdentifier>{13aca0da-7c57-4cb9-8980-0b8a0466d214}</UniqueIdentifier>
    </Filter>
    <Filter Include="ソース ファイル\Game\Object\Stage">
      <UniqueIdentifier>{d4a4c2b5-27d5-45a3-a067-76fa53fe43d7}</UniqueIdentifier>
    </Filter>
    <Filter Include="ソース ファイル\Other\ScreenShot">
      <UniqueIdentifier>{02a9bad1-9c98-4597-b986-cf1b4ea62b17}</UniqueIdentifier>
    </Filter>
    <Filter Include="ソース ファイル\Game\Loader">
      <UniqueIdentifier>{6312fc9c-9b4d-423a-868b-6cbfe26a45ce}</UniqueIdentifier>
    </Filter>
    <Filter Include="ソース ファイル\Game\Object\Player">
      <UniqueIdentifier>{34d19fe1-f72b-4e0d-a679-de923b085fb7}</UniqueIdentifier>
    </Filter>
    <Filter Include="ソース ファイル\Game\Object\Player\Manager">
      <UniqueIdentifier>{5bcb69c0-c4a8-4bfa-9fa8-00fb88315e5c}</UniqueIdentifier>
    </Filter>
    <Filter Include="ソース ファイル\Game\Object\Shape">
      <UniqueIdentifier>{2b4f57ed-7259-4b89-a780-3b934242ab27}</UniqueIdentifier>
    </Filter>
    <Filter Include="ソース ファイル\Game\Direction">
      <UniqueIdentifier>{ba166d44-106c-4631-8103-de81116d8fe3}</UniqueIdentifier>
    </Filter>
    <Filter Include="ソース ファイル\Game\Object\ObjectParameter">
      <UniqueIdentifier>{37c39109-d9ff-4e62-a2b4-86fc030132c5}</UniqueIdentifier>
    </Filter>
    <Filter Include="ソース ファイル\Game\Loader\Player">
      <UniqueIdentifier>{fa8fc087-9923-4533-9465-f91706ca45cf}</UniqueIdentifier>
    </Filter>
    <Filter Include="ソース ファイル\Game\UI">
      <UniqueIdentifier>{000948f6-77d1-4e37-8a19-d29c26d56c88}</UniqueIdentifier>
    </Filter>
    <Filter Include="ソース ファイル\Game\CharacterController\CharacterInfo">
      <UniqueIdentifier>{cab79343-f297-4698-8f36-15b00da0f34f}</UniqueIdentifier>
    </Filter>
    <Filter Include="ソース ファイル\Other\FPS">
      <UniqueIdentifier>{abf00207-f986-44a0-b45d-f54adc7f3cb8}</UniqueIdentifier>
    </Filter>
    <Filter Include="ソース ファイル\Game\Direction\Fade">
      <UniqueIdentifier>{2f6fbde4-1296-468d-805d-dcac6ab6fa01}</UniqueIdentifier>
    </Filter>
    <Filter Include="ソース ファイル\Game\Effect">
      <UniqueIdentifier>{a489f420-2d78-43fa-8b5f-4b9a5236e7e7}</UniqueIdentifier>
    </Filter>
    <Filter Include="ソース ファイル\Game\ObjectPool">
      <UniqueIdentifier>{3f45befd-bea4-4874-8011-cf8b11f436ca}</UniqueIdentifier>
    </Filter>
    <Filter Include="ソース ファイル\Game\Object\Ref">
      <UniqueIdentifier>{88a0ceb2-e817-4ad1-8b90-29c4453d9f52}</UniqueIdentifier>
    </Filter>
    <Filter Include="ソース ファイル\Other\Macro">
      <UniqueIdentifier>{ee8ac081-9d61-41c8-ade6-c4c162966769}</UniqueIdentifier>
    </Filter>
    <Filter Include="ソース ファイル\Game\Scene\Game\UI">
      <UniqueIdentifier>{7cc91caa-684a-46f4-a0c1-fe785ce88899}</UniqueIdentifier>
    </Filter>
    <Filter Include="ソース ファイル\Game\Scene\StageSelect\StageIcon">
      <UniqueIdentifier>{a5b5bc13-0952-40db-9bf0-dc3d26511274}</UniqueIdentifier>
    </Filter>
    <Filter Include="ソース ファイル\Game\AnimationManager">
      <UniqueIdentifier>{e042859b-d0f7-48d2-b135-54075fda38fa}</UniqueIdentifier>
    </Filter>
  </ItemGroup>
  <ItemGroup>
    <ClCompile Include="main.cpp">
      <Filter>ソース ファイル</Filter>
    </ClCompile>
    <ClCompile Include="Source\Object\Object.cpp">
      <Filter>ソース ファイル\Game\Object</Filter>
    </ClCompile>
    <ClCompile Include="Source\System\Window.cpp">
      <Filter>ソース ファイル\Library\System\Window</Filter>
    </ClCompile>
    <ClCompile Include="Source\System\System.cpp">
      <Filter>ソース ファイル\Library\System</Filter>
    </ClCompile>
    <ClCompile Include="Source\System\D3DCore.cpp">
      <Filter>ソース ファイル\Library\System\D3D</Filter>
    </ClCompile>
    <ClCompile Include="Source\System\D2DCore.cpp">
      <Filter>ソース ファイル\Library\System\D2D</Filter>
    </ClCompile>
    <ClCompile Include="Source\Graphic\Graphic.cpp">
      <Filter>ソース ファイル\Library\Graphic</Filter>
    </ClCompile>
    <ClCompile Include="Source\Graphic\RenderTarget\RenderTarget.cpp">
      <Filter>ソース ファイル\Library\Graphic\D3D\Interface\RenderTarget</Filter>
    </ClCompile>
    <ClCompile Include="Source\Graphic\Rasterizer\Rasterizer.cpp">
      <Filter>ソース ファイル\Library\Graphic\D3D\Interface\Rasterizer</Filter>
    </ClCompile>
    <ClCompile Include="Source\Graphic\BlendState\BlendState.cpp">
      <Filter>ソース ファイル\Library\Graphic\D3D\Interface\BlendState</Filter>
    </ClCompile>
    <ClCompile Include="Source\Graphic\DepthStencil\DepthStencil.cpp">
      <Filter>ソース ファイル\Library\Graphic\D3D\Interface\DepthStencil</Filter>
    </ClCompile>
    <ClCompile Include="Source\Graphic\Sampler\Sampler.cpp">
      <Filter>ソース ファイル\Library\Graphic\D3D\Interface\Sampler</Filter>
    </ClCompile>
    <ClCompile Include="Source\D3D\Device\Device.cpp">
      <Filter>ソース ファイル\Library\System\D3D\Interface\Device</Filter>
    </ClCompile>
    <ClCompile Include="Source\D3D\SwapChain\SwapChain.cpp">
      <Filter>ソース ファイル\Library\System\D3D\Interface\SwapChain</Filter>
    </ClCompile>
    <ClCompile Include="Source\Sound\Sound.cpp">
      <Filter>ソース ファイル\Library\Sound</Filter>
    </ClCompile>
    <ClCompile Include="Source\Sound\Voice\MasterVoice.cpp">
      <Filter>ソース ファイル\Library\Sound\Voice</Filter>
    </ClCompile>
    <ClCompile Include="Source\Sound\Voice\SourceVoice.cpp">
      <Filter>ソース ファイル\Library\Sound\Voice</Filter>
    </ClCompile>
    <ClCompile Include="Source\Sound\Voice\SubmixVoice.cpp">
      <Filter>ソース ファイル\Library\Sound\Voice</Filter>
    </ClCompile>
    <ClCompile Include="Source\Sound\BGM\BGMPimpl.cpp">
      <Filter>ソース ファイル\Library\Sound\BGM</Filter>
    </ClCompile>
    <ClCompile Include="Source\Sound\BGM\BGM.cpp">
      <Filter>ソース ファイル\Library\Sound\BGM</Filter>
    </ClCompile>
    <ClCompile Include="Source\Sound\SE\SEPimpl.cpp">
      <Filter>ソース ファイル\Library\Sound\SE</Filter>
    </ClCompile>
    <ClCompile Include="Source\Sound\SE\SE.cpp">
      <Filter>ソース ファイル\Library\Sound\SE</Filter>
    </ClCompile>
    <ClCompile Include="Source\Sound\SoundCore.cpp">
      <Filter>ソース ファイル\Library\Sound\Core</Filter>
    </ClCompile>
    <ClCompile Include="Source\Sound\WaveDecoder.cpp">
      <Filter>ソース ファイル\Library\Sound\Wave</Filter>
    </ClCompile>
    <ClCompile Include="Source\Graphic\D3DGraphic.cpp">
      <Filter>ソース ファイル\Library\Graphic\D3D</Filter>
    </ClCompile>
    <ClCompile Include="Source\Scene\Scene.cpp">
      <Filter>ソース ファイル\Game\Scene</Filter>
    </ClCompile>
    <ClCompile Include="Source\Scene\SceneFactory.cpp">
      <Filter>ソース ファイル\Game\Scene\Other\Factory</Filter>
    </ClCompile>
    <ClCompile Include="Source\Scene\SceneManager.cpp">
      <Filter>ソース ファイル\Game\Scene\Other\Manager</Filter>
    </ClCompile>
    <ClCompile Include="Source\Scene\TitleScene.cpp">
      <Filter>ソース ファイル\Game\Scene\Title</Filter>
    </ClCompile>
    <ClCompile Include="Source\Scene\Factory\TitleFactory.cpp">
      <Filter>ソース ファイル\Game\Scene\Title\Factory</Filter>
    </ClCompile>
    <ClCompile Include="Source\Utility\Converter.cpp">
      <Filter>ソース ファイル\Other\Converter</Filter>
    </ClCompile>
    <ClCompile Include="Source\Utility\Debug.cpp">
      <Filter>ソース ファイル\Other\Debug</Filter>
    </ClCompile>
    <ClCompile Include="Source\Utility\Delegate.cpp">
      <Filter>ソース ファイル\Other\Delegate</Filter>
    </ClCompile>
    <ClCompile Include="Source\Graphic\ShaderResource\ShaderResource.cpp">
      <Filter>ソース ファイル\Library\Graphic\D3D\Interface\ShaderResource</Filter>
    </ClCompile>
    <ClCompile Include="Source\Graphic\Buffer\Buffer.cpp">
      <Filter>ソース ファイル\Library\Graphic\D3D\Interface\Buffer</Filter>
    </ClCompile>
    <ClCompile Include="Source\Graphic\Buffer\ConstantBuffer.cpp">
      <Filter>ソース ファイル\Library\Graphic\D3D\Interface\Buffer\ConstantBuffer</Filter>
    </ClCompile>
    <ClCompile Include="Source\Graphic\Buffer\IndexBuffer.cpp">
      <Filter>ソース ファイル\Library\Graphic\D3D\Interface\Buffer\IndexBuffer</Filter>
    </ClCompile>
    <ClCompile Include="Source\Graphic\Buffer\VertexBuffer.cpp">
      <Filter>ソース ファイル\Library\Graphic\D3D\Interface\Buffer\VertexBuffer</Filter>
    </ClCompile>
    <ClCompile Include="Source\Model\CwnBaseMesh.cpp">
      <Filter>ソース ファイル\Library\Model\Base</Filter>
    </ClCompile>
    <ClCompile Include="Source\Model\CwnDecoder.cpp">
      <Filter>ソース ファイル\Library\Model\Decoder</Filter>
    </ClCompile>
    <ClCompile Include="Source\Model\CwnStaticMesh.cpp">
      <Filter>ソース ファイル\Library\Model\Static</Filter>
    </ClCompile>
    <ClCompile Include="Source\Model\CwnSkinMesh.cpp">
      <Filter>ソース ファイル\Library\Model\Skin</Filter>
    </ClCompile>
    <ClCompile Include="Source\Shader\Shader.cpp">
      <Filter>ソース ファイル\Library\Shader</Filter>
    </ClCompile>
    <ClCompile Include="Source\Shader\TestShader.cpp">
      <Filter>ソース ファイル\Library\Shader\Test</Filter>
    </ClCompile>
    <ClCompile Include="Source\Model\ModelStaticShader.cpp">
      <Filter>ソース ファイル\Library\Model\Shader</Filter>
    </ClCompile>
    <ClCompile Include="Source\Model\BoneAnimeData.cpp">
      <Filter>ソース ファイル\Library\Model\Anime</Filter>
    </ClCompile>
    <ClCompile Include="Source\Graphic\Camera\Camera.cpp">
      <Filter>ソース ファイル\Library\Graphic\Camera</Filter>
    </ClCompile>
    <ClCompile Include="Source\World\World.cpp">
      <Filter>ソース ファイル\Game\World</Filter>
    </ClCompile>
    <ClCompile Include="Source\D2D\Sprite\Sprite.cpp">
      <Filter>ソース ファイル\Library\Graphic\D2D\Sprite</Filter>
    </ClCompile>
    <ClCompile Include="Source\D2D\Interface\ImagingFactory.cpp">
      <Filter>ソース ファイル\Library\Graphic\D2D\Interface</Filter>
    </ClCompile>
    <ClCompile Include="Source\D2D\Interface\D2DRenderTarget.cpp">
      <Filter>ソース ファイル\Library\Graphic\D2D\Interface</Filter>
    </ClCompile>
    <ClCompile Include="Source\Graphic\D2DGraphic.cpp">
      <Filter>ソース ファイル\Library\Graphic\D2D</Filter>
    </ClCompile>
    <ClCompile Include="Source\D2D\Sprite\SpriteDecoder.cpp">
      <Filter>ソース ファイル\Library\Graphic\D2D\Sprite</Filter>
    </ClCompile>
    <ClCompile Include="Source\Scene\Factory\CharacterSelectFactory.cpp">
      <Filter>ソース ファイル\Game\Scene\CharacterSelect\Factory</Filter>
    </ClCompile>
    <ClCompile Include="Source\Scene\CharacterSelectScene.cpp">
      <Filter>ソース ファイル\Game\Scene\CharacterSelect</Filter>
    </ClCompile>
    <ClCompile Include="Source\Scene\Factory\GameFactory.cpp">
      <Filter>ソース ファイル\Game\Scene\Game\Factory</Filter>
    </ClCompile>
    <ClCompile Include="Source\Scene\GameScene.cpp">
      <Filter>ソース ファイル\Game\Scene\Game</Filter>
    </ClCompile>
    <ClCompile Include="Source\Scene\StageSelectScene.cpp">
      <Filter>ソース ファイル\Game\Scene\StageSelect</Filter>
    </ClCompile>
    <ClCompile Include="Source\Scene\Factory\StageSelectFactory.cpp">
      <Filter>ソース ファイル\Game\Scene\StageSelect\Factory</Filter>
    </ClCompile>
    <ClCompile Include="Source\Scene\ResultScene.cpp">
      <Filter>ソース ファイル\Game\Scene\Result</Filter>
    </ClCompile>
    <ClCompile Include="Source\Scene\Factory\ResultFactory.cpp">
      <Filter>ソース ファイル\Game\Scene\Result\Factory</Filter>
    </ClCompile>
    <ClCompile Include="Source\CharacterController\PlayerController\PlayerController.cpp">
      <Filter>ソース ファイル\Game\CharacterController\PlayerController</Filter>
    </ClCompile>
    <ClCompile Include="Source\Scene\CharacterSelectScene\Icon\SelectIcon.cpp">
      <Filter>ソース ファイル\Game\Scene\CharacterSelect\Icon</Filter>
    </ClCompile>
    <ClCompile Include="Source\Model\ModelSkinShader.cpp">
      <Filter>ソース ファイル\Library\Model\Shader</Filter>
    </ClCompile>
    <ClCompile Include="Source\Input\GamePad.cpp">
      <Filter>ソース ファイル\Library\Input\GamePad</Filter>
    </ClCompile>
    <ClCompile Include="Source\Scene\CharacterSelectScene\Cursor\SelectCursor.cpp">
      <Filter>ソース ファイル\Game\Scene\CharacterSelect\Cursor</Filter>
    </ClCompile>
    <ClCompile Include="Source\Input\Keyboard.cpp">
      <Filter>ソース ファイル\Library\Input\KeyBoard</Filter>
    </ClCompile>
    <ClCompile Include="Source\Input\InputManager.cpp">
      <Filter>ソース ファイル\Library\Input\Manager</Filter>
    </ClCompile>
    <ClCompile Include="Source\Stage\Stage.cpp">
      <Filter>ソース ファイル\Game\Object\Stage</Filter>
    </ClCompile>
    <ClCompile Include="Source\Utility\ScreenShot.cpp">
      <Filter>ソース ファイル\Other\ScreenShot</Filter>
    </ClCompile>
    <ClCompile Include="Source\Object\Manager\PlayerManager.cpp">
      <Filter>ソース ファイル\Game\Object\Player\Manager</Filter>
    </ClCompile>
    <ClCompile Include="Source\Object\Player.cpp">
      <Filter>ソース ファイル\Game\Object\Player</Filter>
    </ClCompile>
    <ClCompile Include="Source\CharacterController\CharacterController.cpp">
      <Filter>ソース ファイル\Game\CharacterController</Filter>
    </ClCompile>
    <ClCompile Include="Source\Loader\PlayerLoader.cpp">
      <Filter>ソース ファイル\Game\Loader\Player</Filter>
    </ClCompile>
    <ClCompile Include="Source\UI\UIManager.cpp">
      <Filter>ソース ファイル\Game\UI</Filter>
    </ClCompile>
    <ClCompile Include="Source\UI\UI.cpp">
      <Filter>ソース ファイル\Game\UI</Filter>
    </ClCompile>
    <ClCompile Include="Source\CharacterController\CharacterInfo.cpp">
      <Filter>ソース ファイル\Game\CharacterController\CharacterInfo</Filter>
    </ClCompile>
    <ClCompile Include="Source\Utility\FPS.cpp">
      <Filter>ソース ファイル\Other\FPS</Filter>
    </ClCompile>
    <ClCompile Include="Source\Direction\Fade.cpp">
      <Filter>ソース ファイル\Game\Direction\Fade</Filter>
    </ClCompile>
    <ClCompile Include="Source\Effect\Effect.cpp">
      <Filter>ソース ファイル\Game\Effect</Filter>
    </ClCompile>
    <ClCompile Include="Source\Pool\ObjectPool.cpp">
      <Filter>ソース ファイル\Game\ObjectPool</Filter>
    </ClCompile>
    <ClCompile Include="Source\Pool\Ref.cpp">
      <Filter>ソース ファイル\Game\Object\Ref</Filter>
    </ClCompile>
    <ClCompile Include="Source\Scene\GameScene\GameSceneUI.cpp">
      <Filter>ソース ファイル\Game\Scene\Game\UI</Filter>
    </ClCompile>
    <ClCompile Include="Source\Scene\StageSelectScene\StageIcon.cpp">
      <Filter>ソース ファイル\Game\Scene\StageSelect\StageIcon</Filter>
    </ClCompile>
    <ClCompile Include="Source\Manager\AnimationManager.cpp">
      <Filter>ソース ファイル\Game\AnimationManager</Filter>
    </ClCompile>
  </ItemGroup>
  <ItemGroup>
    <ClInclude Include="Include\Object\Object.h">
      <Filter>ソース ファイル\Game\Object</Filter>
    </ClInclude>
    <ClInclude Include="Include\System\System.h">
      <Filter>ソース ファイル\Library\System</Filter>
    </ClInclude>
    <ClInclude Include="Include\System\Window.h">
      <Filter>ソース ファイル\Library\System\Window</Filter>
    </ClInclude>
    <ClInclude Include="Include\System\D3DCore.h">
      <Filter>ソース ファイル\Library\System\D3D</Filter>
    </ClInclude>
    <ClInclude Include="Include\System\D2DCore.h">
      <Filter>ソース ファイル\Library\System\D2D</Filter>
    </ClInclude>
    <ClInclude Include="Include\Graphic\Graphic.h">
      <Filter>ソース ファイル\Library\Graphic</Filter>
    </ClInclude>
    <ClInclude Include="Include\Graphic\Sampler\Sampler.h">
      <Filter>ソース ファイル\Library\Graphic\D3D\Interface\Sampler</Filter>
    </ClInclude>
    <ClInclude Include="Include\Graphic\RenderTarget\RenderTarget.h">
      <Filter>ソース ファイル\Library\Graphic\D3D\Interface\RenderTarget</Filter>
    </ClInclude>
    <ClInclude Include="Include\Graphic\Rasterizer\Rasterizer.h">
      <Filter>ソース ファイル\Library\Graphic\D3D\Interface\Rasterizer</Filter>
    </ClInclude>
    <ClInclude Include="Include\Graphic\BlendState\BlendState.h">
      <Filter>ソース ファイル\Library\Graphic\D3D\Interface\BlendState</Filter>
    </ClInclude>
    <ClInclude Include="Include\Graphic\DepthStencil\DepthStencil.h">
      <Filter>ソース ファイル\Library\Graphic\D3D\Interface\DepthStencil</Filter>
    </ClInclude>
    <ClInclude Include="Include\Graphic\D3DGraphic.h">
      <Filter>ソース ファイル\Library\Graphic\D3D</Filter>
    </ClInclude>
    <ClInclude Include="Include\D2D\Brush\BitmapBrush.h">
      <Filter>ソース ファイル\Library\Graphic\D2D\Brush</Filter>
    </ClInclude>
    <ClInclude Include="Include\D2D\Brush\Brush.h">
      <Filter>ソース ファイル\Library\Graphic\D2D\Brush</Filter>
    </ClInclude>
    <ClInclude Include="Include\D2D\Brush\RGBrush.h">
      <Filter>ソース ファイル\Library\Graphic\D2D\Brush</Filter>
    </ClInclude>
    <ClInclude Include="Include\D2D\Brush\SolidBrush.h">
      <Filter>ソース ファイル\Library\Graphic\D2D\Brush</Filter>
    </ClInclude>
    <ClInclude Include="Include\D3D\SwapChain\SwapChain.h">
      <Filter>ソース ファイル\Library\System\D3D\Interface\SwapChain</Filter>
    </ClInclude>
    <ClInclude Include="Include\D3D\Device\Device.h">
      <Filter>ソース ファイル\Library\System\D3D\Interface\Device</Filter>
    </ClInclude>
    <ClInclude Include="Include\Sound\BGM\BGM.h">
      <Filter>ソース ファイル\Library\Sound\BGM</Filter>
    </ClInclude>
    <ClInclude Include="Include\Sound\BGM\BGMPimpl.h">
      <Filter>ソース ファイル\Library\Sound\BGM</Filter>
    </ClInclude>
    <ClInclude Include="Include\Sound\SE\SEPimpl.h">
      <Filter>ソース ファイル\Library\Sound\SE</Filter>
    </ClInclude>
    <ClInclude Include="Include\Sound\SE\SE.h">
      <Filter>ソース ファイル\Library\Sound\SE</Filter>
    </ClInclude>
    <ClInclude Include="Include\Sound\Voice\MasterVoice.h">
      <Filter>ソース ファイル\Library\Sound\Voice</Filter>
    </ClInclude>
    <ClInclude Include="Include\Sound\Voice\SourceVoice.h">
      <Filter>ソース ファイル\Library\Sound\Voice</Filter>
    </ClInclude>
    <ClInclude Include="Include\Sound\Voice\SubmixVoice.h">
      <Filter>ソース ファイル\Library\Sound\Voice</Filter>
    </ClInclude>
    <ClInclude Include="Include\Sound\Sound.h">
      <Filter>ソース ファイル\Library\Sound</Filter>
    </ClInclude>
    <ClInclude Include="Include\Sound\SoundCore.h">
      <Filter>ソース ファイル\Library\Sound\Core</Filter>
    </ClInclude>
    <ClInclude Include="Include\Sound\WaveDecoder.h">
      <Filter>ソース ファイル\Library\Sound\Wave</Filter>
    </ClInclude>
    <ClInclude Include="Include\Sound\WaveData.h">
      <Filter>ソース ファイル\Library\Sound\Wave</Filter>
    </ClInclude>
    <ClInclude Include="Include\Scene\Scene.h">
      <Filter>ソース ファイル\Game\Scene</Filter>
    </ClInclude>
    <ClInclude Include="Include\Scene\SceneFactory.h">
      <Filter>ソース ファイル\Game\Scene\Other\Factory</Filter>
    </ClInclude>
    <ClInclude Include="Include\Scene\SceneManager.h">
      <Filter>ソース ファイル\Game\Scene\Other\Manager</Filter>
    </ClInclude>
    <ClInclude Include="Include\Scene\TitleScene.h">
      <Filter>ソース ファイル\Game\Scene\Title</Filter>
    </ClInclude>
    <ClInclude Include="Include\Scene\Factory\TitleFactory.h">
      <Filter>ソース ファイル\Game\Scene\Title\Factory</Filter>
    </ClInclude>
    <ClInclude Include="Include\Utility\Debug.h">
      <Filter>ソース ファイル\Other\Debug</Filter>
    </ClInclude>
    <ClInclude Include="Include\Utility\Converter.h">
      <Filter>ソース ファイル\Other\Converter</Filter>
    </ClInclude>
    <ClInclude Include="Include\Utility\DelegateBase.h">
      <Filter>ソース ファイル\Other\Delegate</Filter>
    </ClInclude>
    <ClInclude Include="Include\Utility\Delegate.h">
      <Filter>ソース ファイル\Other\Delegate</Filter>
    </ClInclude>
    <ClInclude Include="Include\Utility\DelegateList.h">
      <Filter>ソース ファイル\Other\Delegate</Filter>
    </ClInclude>
    <ClInclude Include="Include\Graphic\ShaderResource\ShaderResource.h">
      <Filter>ソース ファイル\Library\Graphic\D3D\Interface\ShaderResource</Filter>
    </ClInclude>
    <ClInclude Include="Include\Graphic\Buffer\Buffer.h">
      <Filter>ソース ファイル\Library\Graphic\D3D\Interface\Buffer</Filter>
    </ClInclude>
    <ClInclude Include="Include\Graphic\Buffer\ConstantBuffer.h">
      <Filter>ソース ファイル\Library\Graphic\D3D\Interface\Buffer\ConstantBuffer</Filter>
    </ClInclude>
    <ClInclude Include="Include\Graphic\Buffer\IndexBuffer.h">
      <Filter>ソース ファイル\Library\Graphic\D3D\Interface\Buffer\IndexBuffer</Filter>
    </ClInclude>
    <ClInclude Include="Include\Graphic\Buffer\VertexBuffer.h">
      <Filter>ソース ファイル\Library\Graphic\D3D\Interface\Buffer\VertexBuffer</Filter>
    </ClInclude>
    <ClInclude Include="Include\Model\MeshDef.h">
      <Filter>ソース ファイル\Library\Model</Filter>
    </ClInclude>
    <ClInclude Include="Include\Model\CwnBaseMesh.h">
      <Filter>ソース ファイル\Library\Model\Base</Filter>
    </ClInclude>
    <ClInclude Include="Include\Utility\SafeDelete.h">
      <Filter>ソース ファイル\Other\SafeDelete</Filter>
    </ClInclude>
    <ClInclude Include="Include\Model\CwnDecoder.h">
      <Filter>ソース ファイル\Library\Model\Decoder</Filter>
    </ClInclude>
    <ClInclude Include="Include\Model\CwnStaticMesh.h">
      <Filter>ソース ファイル\Library\Model\Static</Filter>
    </ClInclude>
    <ClInclude Include="Include\Model\CwnSkinMesh.h">
      <Filter>ソース ファイル\Library\Model\Skin</Filter>
    </ClInclude>
    <ClInclude Include="Include\Input\GamePad.h">
      <Filter>ソース ファイル\Library\Input\GamePad</Filter>
    </ClInclude>
    <ClInclude Include="Include\Shader\Shader.h">
      <Filter>ソース ファイル\Library\Shader</Filter>
    </ClInclude>
    <ClInclude Include="include\Shader\TestShader.h">
      <Filter>ソース ファイル\Library\Shader\Test</Filter>
    </ClInclude>
    <ClInclude Include="Include\Model\ModelStaticShader.h">
      <Filter>ソース ファイル\Library\Model\Shader</Filter>
    </ClInclude>
    <ClInclude Include="Include\Model\ModelSkinShader.h">
      <Filter>ソース ファイル\Library\Model\Shader</Filter>
    </ClInclude>
    <ClInclude Include="Include\Model\BoneAnimeData.h">
      <Filter>ソース ファイル\Library\Model\Anime</Filter>
    </ClInclude>
    <ClInclude Include="Include\Graphic\Camera\Camera.h">
      <Filter>ソース ファイル\Library\Graphic\Camera</Filter>
    </ClInclude>
    <ClInclude Include="Include\Stage\Factory\StageFactory.h">
      <Filter>ソース ファイル\Game\StageFactory</Filter>
    </ClInclude>
    <ClInclude Include="Include\World\World.h">
      <Filter>ソース ファイル\Game\World</Filter>
    </ClInclude>
    <ClInclude Include="Include\D2D\Sprite\Sprite.h">
      <Filter>ソース ファイル\Library\Graphic\D2D\Sprite</Filter>
    </ClInclude>
    <ClInclude Include="Include\D2D\Interface\ImagingFactory.h">
      <Filter>ソース ファイル\Library\Graphic\D2D\Interface</Filter>
    </ClInclude>
    <ClInclude Include="include\D2D\Interface\D2DRenderTarget.h">
      <Filter>ソース ファイル\Library\Graphic\D2D\Interface</Filter>
    </ClInclude>
    <ClInclude Include="Include\Graphic\D2DGraphic.h">
      <Filter>ソース ファイル\Library\Graphic\D2D</Filter>
    </ClInclude>
    <ClInclude Include="Include\D2D\D2DGeometry.h">
      <Filter>ソース ファイル\Library\Graphic\D2D\Geometory</Filter>
    </ClInclude>
    <ClInclude Include="Include\D2D\Sprite\SpriteDecoder.h">
      <Filter>ソース ファイル\Library\Graphic\D2D\Sprite</Filter>
    </ClInclude>
    <ClInclude Include="Include\Scene\Factory\CharacterSelectFactory.h">
      <Filter>ソース ファイル\Game\Scene\CharacterSelect\Factory</Filter>
    </ClInclude>
    <ClInclude Include="include\Scene\CharacterSelectScene.h">
      <Filter>ソース ファイル\Game\Scene\CharacterSelect</Filter>
    </ClInclude>
    <ClInclude Include="Include\Scene\Factory\GameFactory.h">
      <Filter>ソース ファイル\Game\Scene\Game\Factory</Filter>
    </ClInclude>
    <ClInclude Include="Include\Scene\GameScene.h">
      <Filter>ソース ファイル\Game\Scene\Game</Filter>
    </ClInclude>
    <ClInclude Include="Include\Scene\StageSelectScene.h">
      <Filter>ソース ファイル\Game\Scene\StageSelect</Filter>
    </ClInclude>
    <ClInclude Include="Include\Scene\Factory\StageSelectFactory.h">
      <Filter>ソース ファイル\Game\Scene\StageSelect\Factory</Filter>
    </ClInclude>
    <ClInclude Include="Include\Scene\ResultScene.h">
      <Filter>ソース ファイル\Game\Scene\Result</Filter>
    </ClInclude>
    <ClInclude Include="Include\Scene\Factory\ResultFactory.h">
      <Filter>ソース ファイル\Game\Scene\Result\Factory</Filter>
    </ClInclude>
    <ClInclude Include="Include\CharacterController\CharacterController.h">
      <Filter>ソース ファイル\Game\CharacterController</Filter>
    </ClInclude>
    <ClInclude Include="Include\CharacterController\PlayerController\PlayerController.h">
      <Filter>ソース ファイル\Game\CharacterController\PlayerController</Filter>
    </ClInclude>
    <ClInclude Include="Include\Scene\CharacterSelectScene\Icon\SelectIcon.h">
      <Filter>ソース ファイル\Game\Scene\CharacterSelect\Icon</Filter>
    </ClInclude>
    <ClInclude Include="Include\Scene\CharacterSelectScene\Cursor\SelectCursor.h">
      <Filter>ソース ファイル\Game\Scene\CharacterSelect\Cursor</Filter>
    </ClInclude>
    <ClInclude Include="Include\Input\Keyboard.h">
      <Filter>ソース ファイル\Library\Input\KeyBoard</Filter>
    </ClInclude>
    <ClInclude Include="Include\Input\InputManager.h">
      <Filter>ソース ファイル\Library\Input\Manager</Filter>
    </ClInclude>
    <ClInclude Include="Include\Stage\Stage.h">
      <Filter>ソース ファイル\Game\Object\Stage</Filter>
    </ClInclude>
    <ClInclude Include="Include\Utility\ScreenShot.h">
      <Filter>ソース ファイル\Other\ScreenShot</Filter>
    </ClInclude>
    <ClInclude Include="Include\Loader\CharacterLoader.h">
      <Filter>ソース ファイル\Game\Loader</Filter>
    </ClInclude>
    <ClInclude Include="Include\Object\Player.h">
      <Filter>ソース ファイル\Game\Object\Player</Filter>
    </ClInclude>
    <ClInclude Include="Include\Object\Manager\PlayerManager.h">
      <Filter>ソース ファイル\Game\Object\Player\Manager</Filter>
    </ClInclude>
    <ClInclude Include="Include\Object\CollisionShape.h">
      <Filter>ソース ファイル\Game\Object\Shape</Filter>
    </ClInclude>
    <ClInclude Include="Include\Direction\Direction.h">
      <Filter>ソース ファイル\Game\Direction</Filter>
    </ClInclude>
    <ClInclude Include="Include\Object\ObjectParameter.h">
      <Filter>ソース ファイル\Game\Object\ObjectParameter</Filter>
    </ClInclude>
    <ClInclude Include="Include\Loader\PlayerLoader.h">
      <Filter>ソース ファイル\Game\Loader\Player</Filter>
    </ClInclude>
    <ClInclude Include="Include\UI\UI.h">
      <Filter>ソース ファイル\Game\UI</Filter>
    </ClInclude>
    <ClInclude Include="Include\UI\UIManager.h">
      <Filter>ソース ファイル\Game\UI</Filter>
    </ClInclude>
    <ClInclude Include="Include\CharacterController\CharacterInfo.h">
      <Filter>ソース ファイル\Game\CharacterController\CharacterInfo</Filter>
    </ClInclude>
    <ClInclude Include="Include\Utility\FPS.h">
      <Filter>ソース ファイル\Other\FPS</Filter>
    </ClInclude>
    <ClInclude Include="Include\Direction\Fade.h">
      <Filter>ソース ファイル\Game\Direction\Fade</Filter>
    </ClInclude>
    <ClInclude Include="Include\Effect\Effect.h">
      <Filter>ソース ファイル\Game\Effect</Filter>
    </ClInclude>
    <ClInclude Include="Include\Pool\ObjectPool.h">
      <Filter>ソース ファイル\Game\ObjectPool</Filter>
    </ClInclude>
    <ClInclude Include="Include\Pool\Ref.h">
      <Filter>ソース ファイル\Game\Object\Ref</Filter>
    </ClInclude>
    <ClInclude Include="Include\Utility\Macro.h">
      <Filter>ソース ファイル\Other\Macro</Filter>
    </ClInclude>
    <ClInclude Include="Include\Scene\GameScene\GameSceneUI.h">
      <Filter>ソース ファイル\Game\Scene\Game\UI</Filter>
    </ClInclude>
    <ClInclude Include="Include\Scene\StageSelectScene\StageIcon.h">
      <Filter>ソース ファイル\Game\Scene\StageSelect\StageIcon</Filter>
    </ClInclude>
    <ClInclude Include="Include\Manager\AnimationManager.h">
      <Filter>ソース ファイル\Game\AnimationManager</Filter>
    </ClInclude>
  </ItemGroup>
  <ItemGroup>
    <CustomBuild Include="Resource\FbxSkinMeshShader.hlsl">
      <Filter>ソース ファイル\HLSL</Filter>
    </CustomBuild>
    <CustomBuild Include="Resource\FbxStaticShader.hlsl">
      <Filter>ソース ファイル\HLSL</Filter>
    </CustomBuild>
  </ItemGroup>
</Project>